// !$*UTF8*$!
{
	archiveVersion = 1;
	classes = {
	};
	objectVersion = 56;
	objects = {

/* Begin PBXBuildFile section */
		905B2F772BEF24AD00860C45 /* AppDelegate.swift in Sources */ = {isa = PBXBuildFile; fileRef = 905B2F762BEF24AD00860C45 /* AppDelegate.swift */; };
		905B2F792BEF24AD00860C45 /* SceneDelegate.swift in Sources */ = {isa = PBXBuildFile; fileRef = 905B2F782BEF24AD00860C45 /* SceneDelegate.swift */; };
		905B2F7B2BEF24AD00860C45 /* ViewController.swift in Sources */ = {isa = PBXBuildFile; fileRef = 905B2F7A2BEF24AD00860C45 /* ViewController.swift */; };
		905B2F7E2BEF24AD00860C45 /* Main.storyboard in Resources */ = {isa = PBXBuildFile; fileRef = 905B2F7C2BEF24AD00860C45 /* Main.storyboard */; };
		905B2F802BEF24AF00860C45 /* Assets.xcassets in Resources */ = {isa = PBXBuildFile; fileRef = 905B2F7F2BEF24AF00860C45 /* Assets.xcassets */; };
		905B2F832BEF24AF00860C45 /* LaunchScreen.storyboard in Resources */ = {isa = PBXBuildFile; fileRef = 905B2F812BEF24AF00860C45 /* LaunchScreen.storyboard */; };
		905B2F8E2BEF24B000860C45 /* MyStoreTests.swift in Sources */ = {isa = PBXBuildFile; fileRef = 905B2F8D2BEF24B000860C45 /* MyStoreTests.swift */; };
		905B2F982BEF24B000860C45 /* MyStoreUITests.swift in Sources */ = {isa = PBXBuildFile; fileRef = 905B2F972BEF24B000860C45 /* MyStoreUITests.swift */; };
		905B2F9A2BEF24B000860C45 /* MyStoreUITestsLaunchTests.swift in Sources */ = {isa = PBXBuildFile; fileRef = 905B2F992BEF24B000860C45 /* MyStoreUITestsLaunchTests.swift */; };
		905B2FAF2BEF26C500860C45 /* SearchProductsRepository.swift in Sources */ = {isa = PBXBuildFile; fileRef = 905B2FAE2BEF26C500860C45 /* SearchProductsRepository.swift */; };
		905B2FB12BEF271400860C45 /* WebServiceProtocol.swift in Sources */ = {isa = PBXBuildFile; fileRef = 905B2FB02BEF271400860C45 /* WebServiceProtocol.swift */; };
		905B2FB32BEF278200860C45 /* ApiEndpoints.swift in Sources */ = {isa = PBXBuildFile; fileRef = 905B2FB22BEF278200860C45 /* ApiEndpoints.swift */; };
		905B2FB72BEF2D6300860C45 /* AttributeEntity.swift in Sources */ = {isa = PBXBuildFile; fileRef = 905B2FB62BEF2D6300860C45 /* AttributeEntity.swift */; };
		905B2FB92BEF2DBE00860C45 /* ProductEntity.swift in Sources */ = {isa = PBXBuildFile; fileRef = 905B2FB82BEF2DBE00860C45 /* ProductEntity.swift */; };
		905B2FBB2BEF2EE000860C45 /* SearchResponseEntity.swift in Sources */ = {isa = PBXBuildFile; fileRef = 905B2FBA2BEF2EE000860C45 /* SearchResponseEntity.swift */; };
		905B2FBD2BEF2F7800860C45 /* RepositoryError.swift in Sources */ = {isa = PBXBuildFile; fileRef = 905B2FBC2BEF2F7800860C45 /* RepositoryError.swift */; };
		905B2FBF2BEF30A300860C45 /* URLSessionWebService.swift in Sources */ = {isa = PBXBuildFile; fileRef = 905B2FBE2BEF30A300860C45 /* URLSessionWebService.swift */; };
		905B2FC22BEF315800860C45 /* Product.swift in Sources */ = {isa = PBXBuildFile; fileRef = 905B2FC12BEF315800860C45 /* Product.swift */; };
		905B304F2BF0251200860C45 /* Utils.swift in Sources */ = {isa = PBXBuildFile; fileRef = 905B30282BF0251200860C45 /* Utils.swift */; };
		905B30502BF0251200860C45 /* UIView+Extension.swift in Sources */ = {isa = PBXBuildFile; fileRef = 905B302A2BF0251200860C45 /* UIView+Extension.swift */; };
		905B30512BF0251200860C45 /* ImageView+extension.swift in Sources */ = {isa = PBXBuildFile; fileRef = 905B302B2BF0251200860C45 /* ImageView+extension.swift */; };
		905B30522BF0251200860C45 /* UIView+designable.swift in Sources */ = {isa = PBXBuildFile; fileRef = 905B302D2BF0251200860C45 /* UIView+designable.swift */; };
		905B30532BF0251200860C45 /* HomeInteractor.swift in Sources */ = {isa = PBXBuildFile; fileRef = 905B30302BF0251200860C45 /* HomeInteractor.swift */; };
		905B30542BF0251200860C45 /* HomeViewController.swift in Sources */ = {isa = PBXBuildFile; fileRef = 905B30312BF0251200860C45 /* HomeViewController.swift */; };
		905B30552BF0251200860C45 /* HomeRouter.swift in Sources */ = {isa = PBXBuildFile; fileRef = 905B30322BF0251200860C45 /* HomeRouter.swift */; };
		905B30562BF0251200860C45 /* HomePresenter.swift in Sources */ = {isa = PBXBuildFile; fileRef = 905B30332BF0251200860C45 /* HomePresenter.swift */; };
		905B30572BF0251200860C45 /* ProductCollectionViewCell.swift in Sources */ = {isa = PBXBuildFile; fileRef = 905B30342BF0251200860C45 /* ProductCollectionViewCell.swift */; };
		905B30582BF0251200860C45 /* HomeProtocols.swift in Sources */ = {isa = PBXBuildFile; fileRef = 905B30352BF0251200860C45 /* HomeProtocols.swift */; };
		905B30592BF0251200860C45 /* ProductDetailCellModel.swift in Sources */ = {isa = PBXBuildFile; fileRef = 905B30382BF0251200860C45 /* ProductDetailCellModel.swift */; };
		905B305A2BF0251200860C45 /* ProductDetailPresenter.swift in Sources */ = {isa = PBXBuildFile; fileRef = 905B303A2BF0251200860C45 /* ProductDetailPresenter.swift */; };
		905B305B2BF0251200860C45 /* ProductDetailProtocols.swift in Sources */ = {isa = PBXBuildFile; fileRef = 905B303C2BF0251200860C45 /* ProductDetailProtocols.swift */; };
		905B305C2BF0251200860C45 /* ProductDetailTableViewCell.swift in Sources */ = {isa = PBXBuildFile; fileRef = 905B303E2BF0251200860C45 /* ProductDetailTableViewCell.swift */; };
		905B305D2BF0251200860C45 /* ProductDetailViewController.swift in Sources */ = {isa = PBXBuildFile; fileRef = 905B303F2BF0251200860C45 /* ProductDetailViewController.swift */; };
		905B305E2BF0251200860C45 /* ProductDetailInteractor.swift in Sources */ = {isa = PBXBuildFile; fileRef = 905B30412BF0251200860C45 /* ProductDetailInteractor.swift */; };
		905B305F2BF0251200860C45 /* ProductDetailRouter.swift in Sources */ = {isa = PBXBuildFile; fileRef = 905B30432BF0251200860C45 /* ProductDetailRouter.swift */; };
		905B30602BF0251200860C45 /* SeekerPresenter.swift in Sources */ = {isa = PBXBuildFile; fileRef = 905B30462BF0251200860C45 /* SeekerPresenter.swift */; };
		905B30612BF0251200860C45 /* SeekerProtocol.swift in Sources */ = {isa = PBXBuildFile; fileRef = 905B30482BF0251200860C45 /* SeekerProtocol.swift */; };
		905B30622BF0251200860C45 /* SeekerViewController.swift in Sources */ = {isa = PBXBuildFile; fileRef = 905B304A2BF0251200860C45 /* SeekerViewController.swift */; };
		905B30632BF0251200860C45 /* SeekerInteractor.swift in Sources */ = {isa = PBXBuildFile; fileRef = 905B304C2BF0251200860C45 /* SeekerInteractor.swift */; };
		905B30642BF0251200860C45 /* SeekerRouter.swift in Sources */ = {isa = PBXBuildFile; fileRef = 905B304E2BF0251200860C45 /* SeekerRouter.swift */; };
		905B30672BF026C300860C45 /* ProductService.swift in Sources */ = {isa = PBXBuildFile; fileRef = 905B30662BF026C300860C45 /* ProductService.swift */; };
		905B30732BF066FF00860C45 /* ProductSectionTitleTableViewCell.swift in Sources */ = {isa = PBXBuildFile; fileRef = 905B30722BF066FF00860C45 /* ProductSectionTitleTableViewCell.swift */; };
		905B30752BF06C9400860C45 /* ProductImageTableViewCell.swift in Sources */ = {isa = PBXBuildFile; fileRef = 905B30742BF06C9400860C45 /* ProductImageTableViewCell.swift */; };
		905B30772BF06EB500860C45 /* ProductPriceTableViewCell.swift in Sources */ = {isa = PBXBuildFile; fileRef = 905B30762BF06EB500860C45 /* ProductPriceTableViewCell.swift */; };
		905B30792BF0709000860C45 /* ProductAttributeTableViewCell.swift in Sources */ = {isa = PBXBuildFile; fileRef = 905B30782BF0709000860C45 /* ProductAttributeTableViewCell.swift */; };
		905B30802BF07A5300860C45 /* Seeker.storyboard in Resources */ = {isa = PBXBuildFile; fileRef = 905B307F2BF07A5300860C45 /* Seeker.storyboard */; };
/* End PBXBuildFile section */

/* Begin PBXContainerItemProxy section */
		905B2F8A2BEF24B000860C45 /* PBXContainerItemProxy */ = {
			isa = PBXContainerItemProxy;
			containerPortal = 905B2F6B2BEF24AD00860C45 /* Project object */;
			proxyType = 1;
			remoteGlobalIDString = 905B2F722BEF24AD00860C45;
			remoteInfo = MyStore;
		};
		905B2F942BEF24B000860C45 /* PBXContainerItemProxy */ = {
			isa = PBXContainerItemProxy;
			containerPortal = 905B2F6B2BEF24AD00860C45 /* Project object */;
			proxyType = 1;
			remoteGlobalIDString = 905B2F722BEF24AD00860C45;
			remoteInfo = MyStore;
		};
/* End PBXContainerItemProxy section */

/* Begin PBXFileReference section */
		905B2F732BEF24AD00860C45 /* MyStore.app */ = {isa = PBXFileReference; explicitFileType = wrapper.application; includeInIndex = 0; path = MyStore.app; sourceTree = BUILT_PRODUCTS_DIR; };
		905B2F762BEF24AD00860C45 /* AppDelegate.swift */ = {isa = PBXFileReference; lastKnownFileType = sourcecode.swift; path = AppDelegate.swift; sourceTree = "<group>"; };
		905B2F782BEF24AD00860C45 /* SceneDelegate.swift */ = {isa = PBXFileReference; lastKnownFileType = sourcecode.swift; path = SceneDelegate.swift; sourceTree = "<group>"; };
		905B2F7A2BEF24AD00860C45 /* ViewController.swift */ = {isa = PBXFileReference; lastKnownFileType = sourcecode.swift; path = ViewController.swift; sourceTree = "<group>"; };
		905B2F7D2BEF24AD00860C45 /* Base */ = {isa = PBXFileReference; lastKnownFileType = file.storyboard; name = Base; path = Base.lproj/Main.storyboard; sourceTree = "<group>"; };
		905B2F7F2BEF24AF00860C45 /* Assets.xcassets */ = {isa = PBXFileReference; lastKnownFileType = folder.assetcatalog; path = Assets.xcassets; sourceTree = "<group>"; };
		905B2F822BEF24AF00860C45 /* Base */ = {isa = PBXFileReference; lastKnownFileType = file.storyboard; name = Base; path = Base.lproj/LaunchScreen.storyboard; sourceTree = "<group>"; };
		905B2F842BEF24AF00860C45 /* Info.plist */ = {isa = PBXFileReference; lastKnownFileType = text.plist.xml; path = Info.plist; sourceTree = "<group>"; };
		905B2F892BEF24B000860C45 /* MyStoreTests.xctest */ = {isa = PBXFileReference; explicitFileType = wrapper.cfbundle; includeInIndex = 0; path = MyStoreTests.xctest; sourceTree = BUILT_PRODUCTS_DIR; };
		905B2F8D2BEF24B000860C45 /* MyStoreTests.swift */ = {isa = PBXFileReference; lastKnownFileType = sourcecode.swift; path = MyStoreTests.swift; sourceTree = "<group>"; };
		905B2F932BEF24B000860C45 /* MyStoreUITests.xctest */ = {isa = PBXFileReference; explicitFileType = wrapper.cfbundle; includeInIndex = 0; path = MyStoreUITests.xctest; sourceTree = BUILT_PRODUCTS_DIR; };
		905B2F972BEF24B000860C45 /* MyStoreUITests.swift */ = {isa = PBXFileReference; lastKnownFileType = sourcecode.swift; path = MyStoreUITests.swift; sourceTree = "<group>"; };
		905B2F992BEF24B000860C45 /* MyStoreUITestsLaunchTests.swift */ = {isa = PBXFileReference; lastKnownFileType = sourcecode.swift; path = MyStoreUITestsLaunchTests.swift; sourceTree = "<group>"; };
		905B2FAE2BEF26C500860C45 /* SearchProductsRepository.swift */ = {isa = PBXFileReference; lastKnownFileType = sourcecode.swift; path = SearchProductsRepository.swift; sourceTree = "<group>"; };
		905B2FB02BEF271400860C45 /* WebServiceProtocol.swift */ = {isa = PBXFileReference; lastKnownFileType = sourcecode.swift; path = WebServiceProtocol.swift; sourceTree = "<group>"; };
		905B2FB22BEF278200860C45 /* ApiEndpoints.swift */ = {isa = PBXFileReference; lastKnownFileType = sourcecode.swift; path = ApiEndpoints.swift; sourceTree = "<group>"; };
		905B2FB62BEF2D6300860C45 /* AttributeEntity.swift */ = {isa = PBXFileReference; lastKnownFileType = sourcecode.swift; path = AttributeEntity.swift; sourceTree = "<group>"; };
		905B2FB82BEF2DBE00860C45 /* ProductEntity.swift */ = {isa = PBXFileReference; lastKnownFileType = sourcecode.swift; path = ProductEntity.swift; sourceTree = "<group>"; };
		905B2FBA2BEF2EE000860C45 /* SearchResponseEntity.swift */ = {isa = PBXFileReference; lastKnownFileType = sourcecode.swift; path = SearchResponseEntity.swift; sourceTree = "<group>"; };
		905B2FBC2BEF2F7800860C45 /* RepositoryError.swift */ = {isa = PBXFileReference; lastKnownFileType = sourcecode.swift; path = RepositoryError.swift; sourceTree = "<group>"; };
		905B2FBE2BEF30A300860C45 /* URLSessionWebService.swift */ = {isa = PBXFileReference; lastKnownFileType = sourcecode.swift; path = URLSessionWebService.swift; sourceTree = "<group>"; };
		905B2FC12BEF315800860C45 /* Product.swift */ = {isa = PBXFileReference; lastKnownFileType = sourcecode.swift; path = Product.swift; sourceTree = "<group>"; };
		905B30282BF0251200860C45 /* Utils.swift */ = {isa = PBXFileReference; fileEncoding = 4; lastKnownFileType = sourcecode.swift; path = Utils.swift; sourceTree = "<group>"; };
		905B302A2BF0251200860C45 /* UIView+Extension.swift */ = {isa = PBXFileReference; fileEncoding = 4; lastKnownFileType = sourcecode.swift; path = "UIView+Extension.swift"; sourceTree = "<group>"; };
		905B302B2BF0251200860C45 /* ImageView+extension.swift */ = {isa = PBXFileReference; fileEncoding = 4; lastKnownFileType = sourcecode.swift; path = "ImageView+extension.swift"; sourceTree = "<group>"; };
		905B302D2BF0251200860C45 /* UIView+designable.swift */ = {isa = PBXFileReference; fileEncoding = 4; lastKnownFileType = sourcecode.swift; path = "UIView+designable.swift"; sourceTree = "<group>"; };
		905B30302BF0251200860C45 /* HomeInteractor.swift */ = {isa = PBXFileReference; fileEncoding = 4; lastKnownFileType = sourcecode.swift; path = HomeInteractor.swift; sourceTree = "<group>"; };
		905B30312BF0251200860C45 /* HomeViewController.swift */ = {isa = PBXFileReference; fileEncoding = 4; lastKnownFileType = sourcecode.swift; path = HomeViewController.swift; sourceTree = "<group>"; };
		905B30322BF0251200860C45 /* HomeRouter.swift */ = {isa = PBXFileReference; fileEncoding = 4; lastKnownFileType = sourcecode.swift; path = HomeRouter.swift; sourceTree = "<group>"; };
		905B30332BF0251200860C45 /* HomePresenter.swift */ = {isa = PBXFileReference; fileEncoding = 4; lastKnownFileType = sourcecode.swift; path = HomePresenter.swift; sourceTree = "<group>"; };
		905B30342BF0251200860C45 /* ProductCollectionViewCell.swift */ = {isa = PBXFileReference; fileEncoding = 4; lastKnownFileType = sourcecode.swift; path = ProductCollectionViewCell.swift; sourceTree = "<group>"; };
		905B30352BF0251200860C45 /* HomeProtocols.swift */ = {isa = PBXFileReference; fileEncoding = 4; lastKnownFileType = sourcecode.swift; path = HomeProtocols.swift; sourceTree = "<group>"; };
		905B30382BF0251200860C45 /* ProductDetailCellModel.swift */ = {isa = PBXFileReference; fileEncoding = 4; lastKnownFileType = sourcecode.swift; path = ProductDetailCellModel.swift; sourceTree = "<group>"; };
		905B303A2BF0251200860C45 /* ProductDetailPresenter.swift */ = {isa = PBXFileReference; fileEncoding = 4; lastKnownFileType = sourcecode.swift; path = ProductDetailPresenter.swift; sourceTree = "<group>"; };
		905B303C2BF0251200860C45 /* ProductDetailProtocols.swift */ = {isa = PBXFileReference; fileEncoding = 4; lastKnownFileType = sourcecode.swift; path = ProductDetailProtocols.swift; sourceTree = "<group>"; };
		905B303E2BF0251200860C45 /* ProductDetailTableViewCell.swift */ = {isa = PBXFileReference; fileEncoding = 4; lastKnownFileType = sourcecode.swift; path = ProductDetailTableViewCell.swift; sourceTree = "<group>"; };
		905B303F2BF0251200860C45 /* ProductDetailViewController.swift */ = {isa = PBXFileReference; fileEncoding = 4; lastKnownFileType = sourcecode.swift; path = ProductDetailViewController.swift; sourceTree = "<group>"; };
		905B30412BF0251200860C45 /* ProductDetailInteractor.swift */ = {isa = PBXFileReference; fileEncoding = 4; lastKnownFileType = sourcecode.swift; path = ProductDetailInteractor.swift; sourceTree = "<group>"; };
		905B30432BF0251200860C45 /* ProductDetailRouter.swift */ = {isa = PBXFileReference; fileEncoding = 4; lastKnownFileType = sourcecode.swift; path = ProductDetailRouter.swift; sourceTree = "<group>"; };
		905B30462BF0251200860C45 /* SeekerPresenter.swift */ = {isa = PBXFileReference; fileEncoding = 4; lastKnownFileType = sourcecode.swift; path = SeekerPresenter.swift; sourceTree = "<group>"; };
		905B30482BF0251200860C45 /* SeekerProtocol.swift */ = {isa = PBXFileReference; fileEncoding = 4; lastKnownFileType = sourcecode.swift; path = SeekerProtocol.swift; sourceTree = "<group>"; };
		905B304A2BF0251200860C45 /* SeekerViewController.swift */ = {isa = PBXFileReference; fileEncoding = 4; lastKnownFileType = sourcecode.swift; path = SeekerViewController.swift; sourceTree = "<group>"; };
		905B304C2BF0251200860C45 /* SeekerInteractor.swift */ = {isa = PBXFileReference; fileEncoding = 4; lastKnownFileType = sourcecode.swift; path = SeekerInteractor.swift; sourceTree = "<group>"; };
		905B304E2BF0251200860C45 /* SeekerRouter.swift */ = {isa = PBXFileReference; fileEncoding = 4; lastKnownFileType = sourcecode.swift; path = SeekerRouter.swift; sourceTree = "<group>"; };
		905B30662BF026C300860C45 /* ProductService.swift */ = {isa = PBXFileReference; fileEncoding = 4; lastKnownFileType = sourcecode.swift; path = ProductService.swift; sourceTree = "<group>"; };
		905B30722BF066FF00860C45 /* ProductSectionTitleTableViewCell.swift */ = {isa = PBXFileReference; lastKnownFileType = sourcecode.swift; path = ProductSectionTitleTableViewCell.swift; sourceTree = "<group>"; };
		905B30742BF06C9400860C45 /* ProductImageTableViewCell.swift */ = {isa = PBXFileReference; lastKnownFileType = sourcecode.swift; path = ProductImageTableViewCell.swift; sourceTree = "<group>"; };
		905B30762BF06EB500860C45 /* ProductPriceTableViewCell.swift */ = {isa = PBXFileReference; lastKnownFileType = sourcecode.swift; path = ProductPriceTableViewCell.swift; sourceTree = "<group>"; };
		905B30782BF0709000860C45 /* ProductAttributeTableViewCell.swift */ = {isa = PBXFileReference; lastKnownFileType = sourcecode.swift; path = ProductAttributeTableViewCell.swift; sourceTree = "<group>"; };
		905B307F2BF07A5300860C45 /* Seeker.storyboard */ = {isa = PBXFileReference; fileEncoding = 4; lastKnownFileType = file.storyboard; name = Seeker.storyboard; path = ../../../../../../../../pruebaMeli/gitHub/mystore/MyStore/MyStore/Presentation/Modules/Seeker/UI/Seeker.storyboard; sourceTree = "<group>"; };
/* End PBXFileReference section */

/* Begin PBXFrameworksBuildPhase section */
		905B2F702BEF24AD00860C45 /* Frameworks */ = {
			isa = PBXFrameworksBuildPhase;
			buildActionMask = 2147483647;
			files = (
			);
			runOnlyForDeploymentPostprocessing = 0;
		};
		905B2F862BEF24B000860C45 /* Frameworks */ = {
			isa = PBXFrameworksBuildPhase;
			buildActionMask = 2147483647;
			files = (
			);
			runOnlyForDeploymentPostprocessing = 0;
		};
		905B2F902BEF24B000860C45 /* Frameworks */ = {
			isa = PBXFrameworksBuildPhase;
			buildActionMask = 2147483647;
			files = (
			);
			runOnlyForDeploymentPostprocessing = 0;
		};
/* End PBXFrameworksBuildPhase section */

/* Begin PBXGroup section */
		905B2F6A2BEF24AD00860C45 = {
			isa = PBXGroup;
			children = (
				905B2F752BEF24AD00860C45 /* MyStore */,
				905B2F8C2BEF24B000860C45 /* MyStoreTests */,
				905B2F962BEF24B000860C45 /* MyStoreUITests */,
				905B2F742BEF24AD00860C45 /* Products */,
			);
			sourceTree = "<group>";
		};
		905B2F742BEF24AD00860C45 /* Products */ = {
			isa = PBXGroup;
			children = (
				905B2F732BEF24AD00860C45 /* MyStore.app */,
				905B2F892BEF24B000860C45 /* MyStoreTests.xctest */,
				905B2F932BEF24B000860C45 /* MyStoreUITests.xctest */,
			);
			name = Products;
			sourceTree = "<group>";
		};
		905B2F752BEF24AD00860C45 /* MyStore */ = {
			isa = PBXGroup;
			children = (
				905B30252BF0251200860C45 /* Aplication */,
				905B2FC02BEF313D00860C45 /* Domain */,
				905B2FA62BEF252A00860C45 /* Infrastructure */,
				905B2F762BEF24AD00860C45 /* AppDelegate.swift */,
				905B2F782BEF24AD00860C45 /* SceneDelegate.swift */,
				905B2F7A2BEF24AD00860C45 /* ViewController.swift */,
				905B2F7C2BEF24AD00860C45 /* Main.storyboard */,
				905B2F7F2BEF24AF00860C45 /* Assets.xcassets */,
				905B2F812BEF24AF00860C45 /* LaunchScreen.storyboard */,
				905B2F842BEF24AF00860C45 /* Info.plist */,
			);
			path = MyStore;
			sourceTree = "<group>";
		};
		905B2F8C2BEF24B000860C45 /* MyStoreTests */ = {
			isa = PBXGroup;
			children = (
				905B2F8D2BEF24B000860C45 /* MyStoreTests.swift */,
			);
			path = MyStoreTests;
			sourceTree = "<group>";
		};
		905B2F962BEF24B000860C45 /* MyStoreUITests */ = {
			isa = PBXGroup;
			children = (
				905B2F972BEF24B000860C45 /* MyStoreUITests.swift */,
				905B2F992BEF24B000860C45 /* MyStoreUITestsLaunchTests.swift */,
			);
			path = MyStoreUITests;
			sourceTree = "<group>";
		};
		905B2FA62BEF252A00860C45 /* Infrastructure */ = {
			isa = PBXGroup;
			children = (
				905B2FA72BEF254E00860C45 /* RemoteAccesData */,
			);
			path = Infrastructure;
			sourceTree = "<group>";
		};
		905B2FA72BEF254E00860C45 /* RemoteAccesData */ = {
			isa = PBXGroup;
			children = (
				905B2FAA2BEF25B600860C45 /* Protocols */,
				905B2FAB2BEF260000860C45 /* Enums */,
				905B2FAC2BEF261800860C45 /* Repositories */,
				905B2FA82BEF257C00860C45 /* WebServices */,
			);
			path = RemoteAccesData;
			sourceTree = "<group>";
		};
		905B2FA82BEF257C00860C45 /* WebServices */ = {
			isa = PBXGroup;
			children = (
				905B2FA92BEF259300860C45 /* URLSessionWebService */,
			);
			path = WebServices;
			sourceTree = "<group>";
		};
		905B2FA92BEF259300860C45 /* URLSessionWebService */ = {
			isa = PBXGroup;
			children = (
				905B2FBE2BEF30A300860C45 /* URLSessionWebService.swift */,
			);
			path = URLSessionWebService;
			sourceTree = "<group>";
		};
		905B2FAA2BEF25B600860C45 /* Protocols */ = {
			isa = PBXGroup;
			children = (
				905B2FB02BEF271400860C45 /* WebServiceProtocol.swift */,
			);
			path = Protocols;
			sourceTree = "<group>";
		};
		905B2FAB2BEF260000860C45 /* Enums */ = {
			isa = PBXGroup;
			children = (
				905B2FB22BEF278200860C45 /* ApiEndpoints.swift */,
				905B2FBC2BEF2F7800860C45 /* RepositoryError.swift */,
			);
			path = Enums;
			sourceTree = "<group>";
		};
		905B2FAC2BEF261800860C45 /* Repositories */ = {
			isa = PBXGroup;
			children = (
				905B2FB42BEF2B6800860C45 /* Search */,
			);
			path = Repositories;
			sourceTree = "<group>";
		};
		905B2FAD2BEF262900860C45 /* Entity */ = {
			isa = PBXGroup;
			children = (
				905B2FB62BEF2D6300860C45 /* AttributeEntity.swift */,
				905B2FB82BEF2DBE00860C45 /* ProductEntity.swift */,
				905B2FBA2BEF2EE000860C45 /* SearchResponseEntity.swift */,
			);
			path = Entity;
			sourceTree = "<group>";
		};
		905B2FB42BEF2B6800860C45 /* Search */ = {
			isa = PBXGroup;
			children = (
				905B2FAD2BEF262900860C45 /* Entity */,
				905B2FAE2BEF26C500860C45 /* SearchProductsRepository.swift */,
			);
			path = Search;
			sourceTree = "<group>";
		};
		905B2FC02BEF313D00860C45 /* Domain */ = {
			isa = PBXGroup;
			children = (
				905B2FC12BEF315800860C45 /* Product.swift */,
			);
			path = Domain;
			sourceTree = "<group>";
		};
		905B30252BF0251200860C45 /* Aplication */ = {
			isa = PBXGroup;
			children = (
				905B30652BF026C300860C45 /* Services */,
				905B30262BF0251200860C45 /* Commons */,
				905B302E2BF0251200860C45 /* Modules */,
			);
			path = Aplication;
			sourceTree = "<group>";
		};
		905B30262BF0251200860C45 /* Commons */ = {
			isa = PBXGroup;
			children = (
				905B30272BF0251200860C45 /* Utils */,
				905B30292BF0251200860C45 /* Extensions */,
				905B302C2BF0251200860C45 /* Designables */,
			);
			path = Commons;
			sourceTree = "<group>";
		};
		905B30272BF0251200860C45 /* Utils */ = {
			isa = PBXGroup;
			children = (
				905B30282BF0251200860C45 /* Utils.swift */,
			);
			path = Utils;
			sourceTree = "<group>";
		};
		905B30292BF0251200860C45 /* Extensions */ = {
			isa = PBXGroup;
			children = (
				905B302A2BF0251200860C45 /* UIView+Extension.swift */,
				905B302B2BF0251200860C45 /* ImageView+extension.swift */,
			);
			path = Extensions;
			sourceTree = "<group>";
		};
		905B302C2BF0251200860C45 /* Designables */ = {
			isa = PBXGroup;
			children = (
				905B302D2BF0251200860C45 /* UIView+designable.swift */,
			);
			path = Designables;
			sourceTree = "<group>";
		};
		905B302E2BF0251200860C45 /* Modules */ = {
			isa = PBXGroup;
			children = (
				905B302F2BF0251200860C45 /* Home */,
				905B30362BF0251200860C45 /* ProductDetail */,
				905B30442BF0251200860C45 /* Seeker */,
			);
			path = Modules;
			sourceTree = "<group>";
		};
		905B302F2BF0251200860C45 /* Home */ = {
			isa = PBXGroup;
			children = (
				905B307E2BF076DB00860C45 /* View */,
				905B307D2BF076CB00860C45 /* Interactor */,
				905B307C2BF076B600860C45 /* Protocol */,
				905B307B2BF0769900860C45 /* Presenter */,
				905B307A2BF0768B00860C45 /* Router */,
			);
			path = Home;
			sourceTree = "<group>";
		};
		905B30362BF0251200860C45 /* ProductDetail */ = {
			isa = PBXGroup;
			children = (
				905B30372BF0251200860C45 /* Entity */,
				905B30392BF0251200860C45 /* Presenter */,
				905B303B2BF0251200860C45 /* Protocol */,
				905B303D2BF0251200860C45 /* View */,
				905B30402BF0251200860C45 /* Interactor */,
				905B30422BF0251200860C45 /* Router */,
			);
			path = ProductDetail;
			sourceTree = "<group>";
		};
		905B30372BF0251200860C45 /* Entity */ = {
			isa = PBXGroup;
			children = (
				905B30382BF0251200860C45 /* ProductDetailCellModel.swift */,
			);
			path = Entity;
			sourceTree = "<group>";
		};
		905B30392BF0251200860C45 /* Presenter */ = {
			isa = PBXGroup;
			children = (
				905B303A2BF0251200860C45 /* ProductDetailPresenter.swift */,
			);
			path = Presenter;
			sourceTree = "<group>";
		};
		905B303B2BF0251200860C45 /* Protocol */ = {
			isa = PBXGroup;
			children = (
				905B303C2BF0251200860C45 /* ProductDetailProtocols.swift */,
			);
			path = Protocol;
			sourceTree = "<group>";
		};
		905B303D2BF0251200860C45 /* View */ = {
			isa = PBXGroup;
			children = (
				905B30712BF066D700860C45 /* Cells */,
				905B303E2BF0251200860C45 /* ProductDetailTableViewCell.swift */,
				905B303F2BF0251200860C45 /* ProductDetailViewController.swift */,
			);
			path = View;
			sourceTree = "<group>";
		};
		905B30402BF0251200860C45 /* Interactor */ = {
			isa = PBXGroup;
			children = (
				905B30412BF0251200860C45 /* ProductDetailInteractor.swift */,
			);
			path = Interactor;
			sourceTree = "<group>";
		};
		905B30422BF0251200860C45 /* Router */ = {
			isa = PBXGroup;
			children = (
				905B30432BF0251200860C45 /* ProductDetailRouter.swift */,
			);
			path = Router;
			sourceTree = "<group>";
		};
		905B30442BF0251200860C45 /* Seeker */ = {
			isa = PBXGroup;
			children = (
				905B30452BF0251200860C45 /* Presenter */,
				905B30472BF0251200860C45 /* Protocol */,
				905B30492BF0251200860C45 /* View */,
				905B304B2BF0251200860C45 /* Interactor */,
				905B304D2BF0251200860C45 /* Router */,
			);
			path = Seeker;
			sourceTree = "<group>";
		};
		905B30452BF0251200860C45 /* Presenter */ = {
			isa = PBXGroup;
			children = (
				905B30462BF0251200860C45 /* SeekerPresenter.swift */,
			);
			path = Presenter;
			sourceTree = "<group>";
		};
		905B30472BF0251200860C45 /* Protocol */ = {
			isa = PBXGroup;
			children = (
				905B30482BF0251200860C45 /* SeekerProtocol.swift */,
			);
			path = Protocol;
			sourceTree = "<group>";
		};
		905B30492BF0251200860C45 /* View */ = {
			isa = PBXGroup;
			children = (
				905B307F2BF07A5300860C45 /* Seeker.storyboard */,
				905B304A2BF0251200860C45 /* SeekerViewController.swift */,
			);
			path = View;
			sourceTree = "<group>";
		};
		905B304B2BF0251200860C45 /* Interactor */ = {
			isa = PBXGroup;
			children = (
				905B304C2BF0251200860C45 /* SeekerInteractor.swift */,
			);
			path = Interactor;
			sourceTree = "<group>";
		};
		905B304D2BF0251200860C45 /* Router */ = {
			isa = PBXGroup;
			children = (
				905B304E2BF0251200860C45 /* SeekerRouter.swift */,
			);
			path = Router;
			sourceTree = "<group>";
		};
		905B30652BF026C300860C45 /* Services */ = {
			isa = PBXGroup;
			children = (
				905B30662BF026C300860C45 /* ProductService.swift */,
			);
			path = Services;
			sourceTree = "<group>";
		};
		905B30712BF066D700860C45 /* Cells */ = {
			isa = PBXGroup;
			children = (
				905B30722BF066FF00860C45 /* ProductSectionTitleTableViewCell.swift */,
				905B30742BF06C9400860C45 /* ProductImageTableViewCell.swift */,
				905B30762BF06EB500860C45 /* ProductPriceTableViewCell.swift */,
				905B30782BF0709000860C45 /* ProductAttributeTableViewCell.swift */,
			);
			path = Cells;
			sourceTree = "<group>";
		};
		905B307A2BF0768B00860C45 /* Router */ = {
			isa = PBXGroup;
			children = (
				905B30322BF0251200860C45 /* HomeRouter.swift */,
			);
			path = Router;
			sourceTree = "<group>";
		};
		905B307B2BF0769900860C45 /* Presenter */ = {
			isa = PBXGroup;
			children = (
				905B30332BF0251200860C45 /* HomePresenter.swift */,
			);
			path = Presenter;
			sourceTree = "<group>";
		};
		905B307C2BF076B600860C45 /* Protocol */ = {
			isa = PBXGroup;
			children = (
				905B30352BF0251200860C45 /* HomeProtocols.swift */,
			);
			path = Protocol;
			sourceTree = "<group>";
		};
		905B307D2BF076CB00860C45 /* Interactor */ = {
			isa = PBXGroup;
			children = (
				905B30302BF0251200860C45 /* HomeInteractor.swift */,
			);
			path = Interactor;
			sourceTree = "<group>";
		};
		905B307E2BF076DB00860C45 /* View */ = {
			isa = PBXGroup;
			children = (
				905B30312BF0251200860C45 /* HomeViewController.swift */,
				905B30342BF0251200860C45 /* ProductCollectionViewCell.swift */,
			);
			path = View;
			sourceTree = "<group>";
		};
/* End PBXGroup section */

/* Begin PBXNativeTarget section */
		905B2F722BEF24AD00860C45 /* MyStore */ = {
			isa = PBXNativeTarget;
			buildConfigurationList = 905B2F9D2BEF24B000860C45 /* Build configuration list for PBXNativeTarget "MyStore" */;
			buildPhases = (
				905B2F6F2BEF24AD00860C45 /* Sources */,
				905B2F702BEF24AD00860C45 /* Frameworks */,
				905B2F712BEF24AD00860C45 /* Resources */,
			);
			buildRules = (
			);
			dependencies = (
			);
			name = MyStore;
			productName = MyStore;
			productReference = 905B2F732BEF24AD00860C45 /* MyStore.app */;
			productType = "com.apple.product-type.application";
		};
		905B2F882BEF24B000860C45 /* MyStoreTests */ = {
			isa = PBXNativeTarget;
			buildConfigurationList = 905B2FA02BEF24B000860C45 /* Build configuration list for PBXNativeTarget "MyStoreTests" */;
			buildPhases = (
				905B2F852BEF24B000860C45 /* Sources */,
				905B2F862BEF24B000860C45 /* Frameworks */,
				905B2F872BEF24B000860C45 /* Resources */,
			);
			buildRules = (
			);
			dependencies = (
				905B2F8B2BEF24B000860C45 /* PBXTargetDependency */,
			);
			name = MyStoreTests;
			productName = MyStoreTests;
			productReference = 905B2F892BEF24B000860C45 /* MyStoreTests.xctest */;
			productType = "com.apple.product-type.bundle.unit-test";
		};
		905B2F922BEF24B000860C45 /* MyStoreUITests */ = {
			isa = PBXNativeTarget;
			buildConfigurationList = 905B2FA32BEF24B000860C45 /* Build configuration list for PBXNativeTarget "MyStoreUITests" */;
			buildPhases = (
				905B2F8F2BEF24B000860C45 /* Sources */,
				905B2F902BEF24B000860C45 /* Frameworks */,
				905B2F912BEF24B000860C45 /* Resources */,
			);
			buildRules = (
			);
			dependencies = (
				905B2F952BEF24B000860C45 /* PBXTargetDependency */,
			);
			name = MyStoreUITests;
			productName = MyStoreUITests;
			productReference = 905B2F932BEF24B000860C45 /* MyStoreUITests.xctest */;
			productType = "com.apple.product-type.bundle.ui-testing";
		};
/* End PBXNativeTarget section */

/* Begin PBXProject section */
		905B2F6B2BEF24AD00860C45 /* Project object */ = {
			isa = PBXProject;
			attributes = {
				BuildIndependentTargetsInParallel = 1;
				LastSwiftUpdateCheck = 1430;
				LastUpgradeCheck = 1430;
				TargetAttributes = {
					905B2F722BEF24AD00860C45 = {
						CreatedOnToolsVersion = 14.3.1;
					};
					905B2F882BEF24B000860C45 = {
						CreatedOnToolsVersion = 14.3.1;
						TestTargetID = 905B2F722BEF24AD00860C45;
					};
					905B2F922BEF24B000860C45 = {
						CreatedOnToolsVersion = 14.3.1;
						TestTargetID = 905B2F722BEF24AD00860C45;
					};
				};
			};
			buildConfigurationList = 905B2F6E2BEF24AD00860C45 /* Build configuration list for PBXProject "MyStore" */;
			compatibilityVersion = "Xcode 14.0";
			developmentRegion = en;
			hasScannedForEncodings = 0;
			knownRegions = (
				en,
				Base,
			);
			mainGroup = 905B2F6A2BEF24AD00860C45;
			productRefGroup = 905B2F742BEF24AD00860C45 /* Products */;
			projectDirPath = "";
			projectRoot = "";
			targets = (
				905B2F722BEF24AD00860C45 /* MyStore */,
				905B2F882BEF24B000860C45 /* MyStoreTests */,
				905B2F922BEF24B000860C45 /* MyStoreUITests */,
			);
		};
/* End PBXProject section */

/* Begin PBXResourcesBuildPhase section */
		905B2F712BEF24AD00860C45 /* Resources */ = {
			isa = PBXResourcesBuildPhase;
			buildActionMask = 2147483647;
			files = (
				905B2F832BEF24AF00860C45 /* LaunchScreen.storyboard in Resources */,
				905B2F802BEF24AF00860C45 /* Assets.xcassets in Resources */,
				905B2F7E2BEF24AD00860C45 /* Main.storyboard in Resources */,
				905B30802BF07A5300860C45 /* Seeker.storyboard in Resources */,
			);
			runOnlyForDeploymentPostprocessing = 0;
		};
		905B2F872BEF24B000860C45 /* Resources */ = {
			isa = PBXResourcesBuildPhase;
			buildActionMask = 2147483647;
			files = (
			);
			runOnlyForDeploymentPostprocessing = 0;
		};
		905B2F912BEF24B000860C45 /* Resources */ = {
			isa = PBXResourcesBuildPhase;
			buildActionMask = 2147483647;
			files = (
			);
			runOnlyForDeploymentPostprocessing = 0;
		};
/* End PBXResourcesBuildPhase section */

/* Begin PBXSourcesBuildPhase section */
		905B2F6F2BEF24AD00860C45 /* Sources */ = {
			isa = PBXSourcesBuildPhase;
			buildActionMask = 2147483647;
			files = (
				905B30592BF0251200860C45 /* ProductDetailCellModel.swift in Sources */,
				905B30772BF06EB500860C45 /* ProductPriceTableViewCell.swift in Sources */,
				905B2F7B2BEF24AD00860C45 /* ViewController.swift in Sources */,
				905B2FBF2BEF30A300860C45 /* URLSessionWebService.swift in Sources */,
				905B2FB32BEF278200860C45 /* ApiEndpoints.swift in Sources */,
				905B30562BF0251200860C45 /* HomePresenter.swift in Sources */,
				905B30582BF0251200860C45 /* HomeProtocols.swift in Sources */,
				905B2FBB2BEF2EE000860C45 /* SearchResponseEntity.swift in Sources */,
				905B30642BF0251200860C45 /* SeekerRouter.swift in Sources */,
				905B30552BF0251200860C45 /* HomeRouter.swift in Sources */,
				905B30522BF0251200860C45 /* UIView+designable.swift in Sources */,
				905B30542BF0251200860C45 /* HomeViewController.swift in Sources */,
				905B305B2BF0251200860C45 /* ProductDetailProtocols.swift in Sources */,
				905B305D2BF0251200860C45 /* ProductDetailViewController.swift in Sources */,
				905B2FB12BEF271400860C45 /* WebServiceProtocol.swift in Sources */,
				905B304F2BF0251200860C45 /* Utils.swift in Sources */,
				905B2FC22BEF315800860C45 /* Product.swift in Sources */,
				905B305C2BF0251200860C45 /* ProductDetailTableViewCell.swift in Sources */,
				905B30512BF0251200860C45 /* ImageView+extension.swift in Sources */,
				905B30792BF0709000860C45 /* ProductAttributeTableViewCell.swift in Sources */,
				905B2F772BEF24AD00860C45 /* AppDelegate.swift in Sources */,
				905B30672BF026C300860C45 /* ProductService.swift in Sources */,
				905B30502BF0251200860C45 /* UIView+Extension.swift in Sources */,
				905B30622BF0251200860C45 /* SeekerViewController.swift in Sources */,
				905B2FB92BEF2DBE00860C45 /* ProductEntity.swift in Sources */,
				905B2FBD2BEF2F7800860C45 /* RepositoryError.swift in Sources */,
				905B30632BF0251200860C45 /* SeekerInteractor.swift in Sources */,
				905B30572BF0251200860C45 /* ProductCollectionViewCell.swift in Sources */,
				905B305A2BF0251200860C45 /* ProductDetailPresenter.swift in Sources */,
				905B30752BF06C9400860C45 /* ProductImageTableViewCell.swift in Sources */,
				905B30612BF0251200860C45 /* SeekerProtocol.swift in Sources */,
				905B30732BF066FF00860C45 /* ProductSectionTitleTableViewCell.swift in Sources */,
				905B2FB72BEF2D6300860C45 /* AttributeEntity.swift in Sources */,
				905B2F792BEF24AD00860C45 /* SceneDelegate.swift in Sources */,
				905B30602BF0251200860C45 /* SeekerPresenter.swift in Sources */,
				905B2FAF2BEF26C500860C45 /* SearchProductsRepository.swift in Sources */,
				905B305F2BF0251200860C45 /* ProductDetailRouter.swift in Sources */,
				905B30532BF0251200860C45 /* HomeInteractor.swift in Sources */,
				905B305E2BF0251200860C45 /* ProductDetailInteractor.swift in Sources */,
			);
			runOnlyForDeploymentPostprocessing = 0;
		};
		905B2F852BEF24B000860C45 /* Sources */ = {
			isa = PBXSourcesBuildPhase;
			buildActionMask = 2147483647;
			files = (
				905B2F8E2BEF24B000860C45 /* MyStoreTests.swift in Sources */,
			);
			runOnlyForDeploymentPostprocessing = 0;
		};
		905B2F8F2BEF24B000860C45 /* Sources */ = {
			isa = PBXSourcesBuildPhase;
			buildActionMask = 2147483647;
			files = (
				905B2F9A2BEF24B000860C45 /* MyStoreUITestsLaunchTests.swift in Sources */,
				905B2F982BEF24B000860C45 /* MyStoreUITests.swift in Sources */,
			);
			runOnlyForDeploymentPostprocessing = 0;
		};
/* End PBXSourcesBuildPhase section */

/* Begin PBXTargetDependency section */
		905B2F8B2BEF24B000860C45 /* PBXTargetDependency */ = {
			isa = PBXTargetDependency;
			target = 905B2F722BEF24AD00860C45 /* MyStore */;
			targetProxy = 905B2F8A2BEF24B000860C45 /* PBXContainerItemProxy */;
		};
		905B2F952BEF24B000860C45 /* PBXTargetDependency */ = {
			isa = PBXTargetDependency;
			target = 905B2F722BEF24AD00860C45 /* MyStore */;
			targetProxy = 905B2F942BEF24B000860C45 /* PBXContainerItemProxy */;
		};
/* End PBXTargetDependency section */

/* Begin PBXVariantGroup section */
		905B2F7C2BEF24AD00860C45 /* Main.storyboard */ = {
			isa = PBXVariantGroup;
			children = (
				905B2F7D2BEF24AD00860C45 /* Base */,
			);
			name = Main.storyboard;
			sourceTree = "<group>";
		};
		905B2F812BEF24AF00860C45 /* LaunchScreen.storyboard */ = {
			isa = PBXVariantGroup;
			children = (
				905B2F822BEF24AF00860C45 /* Base */,
			);
			name = LaunchScreen.storyboard;
			sourceTree = "<group>";
		};
/* End PBXVariantGroup section */

/* Begin XCBuildConfiguration section */
		905B2F9B2BEF24B000860C45 /* Debug */ = {
			isa = XCBuildConfiguration;
			buildSettings = {
				ALWAYS_SEARCH_USER_PATHS = NO;
				CLANG_ANALYZER_NONNULL = YES;
				CLANG_ANALYZER_NUMBER_OBJECT_CONVERSION = YES_AGGRESSIVE;
				CLANG_CXX_LANGUAGE_STANDARD = "gnu++20";
				CLANG_ENABLE_MODULES = YES;
				CLANG_ENABLE_OBJC_ARC = YES;
				CLANG_ENABLE_OBJC_WEAK = YES;
				CLANG_WARN_BLOCK_CAPTURE_AUTORELEASING = YES;
				CLANG_WARN_BOOL_CONVERSION = YES;
				CLANG_WARN_COMMA = YES;
				CLANG_WARN_CONSTANT_CONVERSION = YES;
				CLANG_WARN_DEPRECATED_OBJC_IMPLEMENTATIONS = YES;
				CLANG_WARN_DIRECT_OBJC_ISA_USAGE = YES_ERROR;
				CLANG_WARN_DOCUMENTATION_COMMENTS = YES;
				CLANG_WARN_EMPTY_BODY = YES;
				CLANG_WARN_ENUM_CONVERSION = YES;
				CLANG_WARN_INFINITE_RECURSION = YES;
				CLANG_WARN_INT_CONVERSION = YES;
				CLANG_WARN_NON_LITERAL_NULL_CONVERSION = YES;
				CLANG_WARN_OBJC_IMPLICIT_RETAIN_SELF = YES;
				CLANG_WARN_OBJC_LITERAL_CONVERSION = YES;
				CLANG_WARN_OBJC_ROOT_CLASS = YES_ERROR;
				CLANG_WARN_QUOTED_INCLUDE_IN_FRAMEWORK_HEADER = YES;
				CLANG_WARN_RANGE_LOOP_ANALYSIS = YES;
				CLANG_WARN_STRICT_PROTOTYPES = YES;
				CLANG_WARN_SUSPICIOUS_MOVE = YES;
				CLANG_WARN_UNGUARDED_AVAILABILITY = YES_AGGRESSIVE;
				CLANG_WARN_UNREACHABLE_CODE = YES;
				CLANG_WARN__DUPLICATE_METHOD_MATCH = YES;
				COPY_PHASE_STRIP = NO;
				DEBUG_INFORMATION_FORMAT = dwarf;
				ENABLE_STRICT_OBJC_MSGSEND = YES;
				ENABLE_TESTABILITY = YES;
				GCC_C_LANGUAGE_STANDARD = gnu11;
				GCC_DYNAMIC_NO_PIC = NO;
				GCC_NO_COMMON_BLOCKS = YES;
				GCC_OPTIMIZATION_LEVEL = 0;
				GCC_PREPROCESSOR_DEFINITIONS = (
					"DEBUG=1",
					"$(inherited)",
				);
				GCC_WARN_64_TO_32_BIT_CONVERSION = YES;
				GCC_WARN_ABOUT_RETURN_TYPE = YES_ERROR;
				GCC_WARN_UNDECLARED_SELECTOR = YES;
				GCC_WARN_UNINITIALIZED_AUTOS = YES_AGGRESSIVE;
				GCC_WARN_UNUSED_FUNCTION = YES;
				GCC_WARN_UNUSED_VARIABLE = YES;
				IPHONEOS_DEPLOYMENT_TARGET = 16.4;
				MTL_ENABLE_DEBUG_INFO = INCLUDE_SOURCE;
				MTL_FAST_MATH = YES;
				ONLY_ACTIVE_ARCH = YES;
				SDKROOT = iphoneos;
				SWIFT_ACTIVE_COMPILATION_CONDITIONS = DEBUG;
				SWIFT_OPTIMIZATION_LEVEL = "-Onone";
			};
			name = Debug;
		};
		905B2F9C2BEF24B000860C45 /* Release */ = {
			isa = XCBuildConfiguration;
			buildSettings = {
				ALWAYS_SEARCH_USER_PATHS = NO;
				CLANG_ANALYZER_NONNULL = YES;
				CLANG_ANALYZER_NUMBER_OBJECT_CONVERSION = YES_AGGRESSIVE;
				CLANG_CXX_LANGUAGE_STANDARD = "gnu++20";
				CLANG_ENABLE_MODULES = YES;
				CLANG_ENABLE_OBJC_ARC = YES;
				CLANG_ENABLE_OBJC_WEAK = YES;
				CLANG_WARN_BLOCK_CAPTURE_AUTORELEASING = YES;
				CLANG_WARN_BOOL_CONVERSION = YES;
				CLANG_WARN_COMMA = YES;
				CLANG_WARN_CONSTANT_CONVERSION = YES;
				CLANG_WARN_DEPRECATED_OBJC_IMPLEMENTATIONS = YES;
				CLANG_WARN_DIRECT_OBJC_ISA_USAGE = YES_ERROR;
				CLANG_WARN_DOCUMENTATION_COMMENTS = YES;
				CLANG_WARN_EMPTY_BODY = YES;
				CLANG_WARN_ENUM_CONVERSION = YES;
				CLANG_WARN_INFINITE_RECURSION = YES;
				CLANG_WARN_INT_CONVERSION = YES;
				CLANG_WARN_NON_LITERAL_NULL_CONVERSION = YES;
				CLANG_WARN_OBJC_IMPLICIT_RETAIN_SELF = YES;
				CLANG_WARN_OBJC_LITERAL_CONVERSION = YES;
				CLANG_WARN_OBJC_ROOT_CLASS = YES_ERROR;
				CLANG_WARN_QUOTED_INCLUDE_IN_FRAMEWORK_HEADER = YES;
				CLANG_WARN_RANGE_LOOP_ANALYSIS = YES;
				CLANG_WARN_STRICT_PROTOTYPES = YES;
				CLANG_WARN_SUSPICIOUS_MOVE = YES;
				CLANG_WARN_UNGUARDED_AVAILABILITY = YES_AGGRESSIVE;
				CLANG_WARN_UNREACHABLE_CODE = YES;
				CLANG_WARN__DUPLICATE_METHOD_MATCH = YES;
				COPY_PHASE_STRIP = NO;
				DEBUG_INFORMATION_FORMAT = "dwarf-with-dsym";
				ENABLE_NS_ASSERTIONS = NO;
				ENABLE_STRICT_OBJC_MSGSEND = YES;
				GCC_C_LANGUAGE_STANDARD = gnu11;
				GCC_NO_COMMON_BLOCKS = YES;
				GCC_WARN_64_TO_32_BIT_CONVERSION = YES;
				GCC_WARN_ABOUT_RETURN_TYPE = YES_ERROR;
				GCC_WARN_UNDECLARED_SELECTOR = YES;
				GCC_WARN_UNINITIALIZED_AUTOS = YES_AGGRESSIVE;
				GCC_WARN_UNUSED_FUNCTION = YES;
				GCC_WARN_UNUSED_VARIABLE = YES;
				IPHONEOS_DEPLOYMENT_TARGET = 16.4;
				MTL_ENABLE_DEBUG_INFO = NO;
				MTL_FAST_MATH = YES;
				SDKROOT = iphoneos;
				SWIFT_COMPILATION_MODE = wholemodule;
				SWIFT_OPTIMIZATION_LEVEL = "-O";
				VALIDATE_PRODUCT = YES;
			};
			name = Release;
		};
		905B2F9E2BEF24B000860C45 /* Debug */ = {
			isa = XCBuildConfiguration;
			buildSettings = {
				ASSETCATALOG_COMPILER_APPICON_NAME = AppIcon;
				ASSETCATALOG_COMPILER_GLOBAL_ACCENT_COLOR_NAME = AccentColor;
				CODE_SIGN_STYLE = Automatic;
				CURRENT_PROJECT_VERSION = 1;
				DEVELOPMENT_TEAM = PXTD6TNRX2;
				GENERATE_INFOPLIST_FILE = YES;
				INFOPLIST_FILE = MyStore/Info.plist;
				INFOPLIST_KEY_UIApplicationSupportsIndirectInputEvents = YES;
				INFOPLIST_KEY_UILaunchStoryboardName = LaunchScreen;
				INFOPLIST_KEY_UIMainStoryboardFile = Main;
				INFOPLIST_KEY_UISupportedInterfaceOrientations_iPad = "UIInterfaceOrientationPortrait UIInterfaceOrientationPortraitUpsideDown UIInterfaceOrientationLandscapeLeft UIInterfaceOrientationLandscapeRight";
				INFOPLIST_KEY_UISupportedInterfaceOrientations_iPhone = "UIInterfaceOrientationPortrait UIInterfaceOrientationLandscapeLeft UIInterfaceOrientationLandscapeRight";
				LD_RUNPATH_SEARCH_PATHS = (
					"$(inherited)",
					"@executable_path/Frameworks",
				);
				MARKETING_VERSION = 1.0;
				PRODUCT_BUNDLE_IDENTIFIER = DevRabbit.MyStore;
				PRODUCT_NAME = "$(TARGET_NAME)";
				SWIFT_EMIT_LOC_STRINGS = YES;
				SWIFT_VERSION = 5.0;
				TARGETED_DEVICE_FAMILY = "1,2";
			};
			name = Debug;
		};
		905B2F9F2BEF24B000860C45 /* Release */ = {
			isa = XCBuildConfiguration;
			buildSettings = {
				ASSETCATALOG_COMPILER_APPICON_NAME = AppIcon;
				ASSETCATALOG_COMPILER_GLOBAL_ACCENT_COLOR_NAME = AccentColor;
				CODE_SIGN_STYLE = Automatic;
				CURRENT_PROJECT_VERSION = 1;
				DEVELOPMENT_TEAM = PXTD6TNRX2;
				GENERATE_INFOPLIST_FILE = YES;
				INFOPLIST_FILE = MyStore/Info.plist;
				INFOPLIST_KEY_UIApplicationSupportsIndirectInputEvents = YES;
				INFOPLIST_KEY_UILaunchStoryboardName = LaunchScreen;
				INFOPLIST_KEY_UIMainStoryboardFile = Main;
				INFOPLIST_KEY_UISupportedInterfaceOrientations_iPad = "UIInterfaceOrientationPortrait UIInterfaceOrientationPortraitUpsideDown UIInterfaceOrientationLandscapeLeft UIInterfaceOrientationLandscapeRight";
				INFOPLIST_KEY_UISupportedInterfaceOrientations_iPhone = "UIInterfaceOrientationPortrait UIInterfaceOrientationLandscapeLeft UIInterfaceOrientationLandscapeRight";
				LD_RUNPATH_SEARCH_PATHS = (
					"$(inherited)",
					"@executable_path/Frameworks",
				);
				MARKETING_VERSION = 1.0;
				PRODUCT_BUNDLE_IDENTIFIER = DevRabbit.MyStore;
				PRODUCT_NAME = "$(TARGET_NAME)";
				SWIFT_EMIT_LOC_STRINGS = YES;
				SWIFT_VERSION = 5.0;
				TARGETED_DEVICE_FAMILY = "1,2";
			};
			name = Release;
		};
		905B2FA12BEF24B000860C45 /* Debug */ = {
			isa = XCBuildConfiguration;
			buildSettings = {
				ALWAYS_EMBED_SWIFT_STANDARD_LIBRARIES = YES;
				BUNDLE_LOADER = "$(TEST_HOST)";
				CODE_SIGN_STYLE = Automatic;
				CURRENT_PROJECT_VERSION = 1;
				DEVELOPMENT_TEAM = PXTD6TNRX2;
				GENERATE_INFOPLIST_FILE = YES;
				IPHONEOS_DEPLOYMENT_TARGET = 16.4;
				MARKETING_VERSION = 1.0;
				PRODUCT_BUNDLE_IDENTIFIER = DevRabbit.MyStoreTests;
				PRODUCT_NAME = "$(TARGET_NAME)";
				SWIFT_EMIT_LOC_STRINGS = NO;
				SWIFT_VERSION = 5.0;
				TARGETED_DEVICE_FAMILY = "1,2";
				TEST_HOST = "$(BUILT_PRODUCTS_DIR)/MyStore.app/$(BUNDLE_EXECUTABLE_FOLDER_PATH)/MyStore";
			};
			name = Debug;
		};
		905B2FA22BEF24B000860C45 /* Release */ = {
			isa = XCBuildConfiguration;
			buildSettings = {
				ALWAYS_EMBED_SWIFT_STANDARD_LIBRARIES = YES;
				BUNDLE_LOADER = "$(TEST_HOST)";
				CODE_SIGN_STYLE = Automatic;
				CURRENT_PROJECT_VERSION = 1;
				DEVELOPMENT_TEAM = PXTD6TNRX2;
				GENERATE_INFOPLIST_FILE = YES;
				IPHONEOS_DEPLOYMENT_TARGET = 16.4;
				MARKETING_VERSION = 1.0;
				PRODUCT_BUNDLE_IDENTIFIER = DevRabbit.MyStoreTests;
				PRODUCT_NAME = "$(TARGET_NAME)";
				SWIFT_EMIT_LOC_STRINGS = NO;
				SWIFT_VERSION = 5.0;
				TARGETED_DEVICE_FAMILY = "1,2";
				TEST_HOST = "$(BUILT_PRODUCTS_DIR)/MyStore.app/$(BUNDLE_EXECUTABLE_FOLDER_PATH)/MyStore";
			};
			name = Release;
		};
		905B2FA42BEF24B000860C45 /* Debug */ = {
			isa = XCBuildConfiguration;
			buildSettings = {
				ALWAYS_EMBED_SWIFT_STANDARD_LIBRARIES = YES;
				CODE_SIGN_STYLE = Automatic;
				CURRENT_PROJECT_VERSION = 1;
				DEVELOPMENT_TEAM = PXTD6TNRX2;
				GENERATE_INFOPLIST_FILE = YES;
				MARKETING_VERSION = 1.0;
				PRODUCT_BUNDLE_IDENTIFIER = DevRabbit.MyStoreUITests;
				PRODUCT_NAME = "$(TARGET_NAME)";
				SWIFT_EMIT_LOC_STRINGS = NO;
				SWIFT_VERSION = 5.0;
				TARGETED_DEVICE_FAMILY = "1,2";
				TEST_TARGET_NAME = MyStore;
			};
			name = Debug;
		};
		905B2FA52BEF24B000860C45 /* Release */ = {
			isa = XCBuildConfiguration;
			buildSettings = {
				ALWAYS_EMBED_SWIFT_STANDARD_LIBRARIES = YES;
				CODE_SIGN_STYLE = Automatic;
				CURRENT_PROJECT_VERSION = 1;
				DEVELOPMENT_TEAM = PXTD6TNRX2;
				GENERATE_INFOPLIST_FILE = YES;
				MARKETING_VERSION = 1.0;
				PRODUCT_BUNDLE_IDENTIFIER = DevRabbit.MyStoreUITests;
				PRODUCT_NAME = "$(TARGET_NAME)";
				SWIFT_EMIT_LOC_STRINGS = NO;
				SWIFT_VERSION = 5.0;
				TARGETED_DEVICE_FAMILY = "1,2";
				TEST_TARGET_NAME = MyStore;
			};
			name = Release;
		};
/* End XCBuildConfiguration section */

/* Begin XCConfigurationList section */
		905B2F6E2BEF24AD00860C45 /* Build configuration list for PBXProject "MyStore" */ = {
			isa = XCConfigurationList;
			buildConfigurations = (
				905B2F9B2BEF24B000860C45 /* Debug */,
				905B2F9C2BEF24B000860C45 /* Release */,
			);
			defaultConfigurationIsVisible = 0;
			defaultConfigurationName = Release;
		};
		905B2F9D2BEF24B000860C45 /* Build configuration list for PBXNativeTarget "MyStore" */ = {
			isa = XCConfigurationList;
			buildConfigurations = (
				905B2F9E2BEF24B000860C45 /* Debug */,
				905B2F9F2BEF24B000860C45 /* Release */,
			);
			defaultConfigurationIsVisible = 0;
			defaultConfigurationName = Release;
		};
		905B2FA02BEF24B000860C45 /* Build configuration list for PBXNativeTarget "MyStoreTests" */ = {
			isa = XCConfigurationList;
			buildConfigurations = (
				905B2FA12BEF24B000860C45 /* Debug */,
				905B2FA22BEF24B000860C45 /* Release */,
			);
			defaultConfigurationIsVisible = 0;
			defaultConfigurationName = Release;
		};
		905B2FA32BEF24B000860C45 /* Build configuration list for PBXNativeTarget "MyStoreUITests" */ = {
			isa = XCConfigurationList;
			buildConfigurations = (
				905B2FA42BEF24B000860C45 /* Debug */,
				905B2FA52BEF24B000860C45 /* Release */,
			);
			defaultConfigurationIsVisible = 0;
			defaultConfigurationName = Release;
		};
/* End XCConfigurationList section */
	};
	rootObject = 905B2F6B2BEF24AD00860C45 /* Project object */;
}
