// !$*UTF8*$!
{
	archiveVersion = 1;
	classes = {
	};
	objectVersion = 56;
	objects = {

/* Begin PBXBuildFile section */
		9047FCA42BF1535A00D5E990 /* Utils.swift in Sources */ = {isa = PBXBuildFile; fileRef = 9047FC6F2BF1535A00D5E990 /* Utils.swift */; };
		9047FCA52BF1535A00D5E990 /* UIView+Extension.swift in Sources */ = {isa = PBXBuildFile; fileRef = 9047FC712BF1535A00D5E990 /* UIView+Extension.swift */; };
		9047FCA62BF1535A00D5E990 /* ImageView+extension.swift in Sources */ = {isa = PBXBuildFile; fileRef = 9047FC722BF1535A00D5E990 /* ImageView+extension.swift */; };
		9047FCA72BF1535A00D5E990 /* UIView+designable.swift in Sources */ = {isa = PBXBuildFile; fileRef = 9047FC742BF1535A00D5E990 /* UIView+designable.swift */; };
		9047FCA82BF1535A00D5E990 /* HomePresenter.swift in Sources */ = {isa = PBXBuildFile; fileRef = 9047FC782BF1535A00D5E990 /* HomePresenter.swift */; };
		9047FCA92BF1535A00D5E990 /* HomeProtocols.swift in Sources */ = {isa = PBXBuildFile; fileRef = 9047FC7A2BF1535A00D5E990 /* HomeProtocols.swift */; };
		9047FCAA2BF1535A00D5E990 /* HomeViewController.swift in Sources */ = {isa = PBXBuildFile; fileRef = 9047FC7C2BF1535A00D5E990 /* HomeViewController.swift */; };
		9047FCAB2BF1535A00D5E990 /* ProductCollectionViewCell.swift in Sources */ = {isa = PBXBuildFile; fileRef = 9047FC7D2BF1535A00D5E990 /* ProductCollectionViewCell.swift */; };
		9047FCAC2BF1535A00D5E990 /* HomeInteractor.swift in Sources */ = {isa = PBXBuildFile; fileRef = 9047FC7F2BF1535A00D5E990 /* HomeInteractor.swift */; };
		9047FCAD2BF1535A00D5E990 /* HomeRouter.swift in Sources */ = {isa = PBXBuildFile; fileRef = 9047FC812BF1535A00D5E990 /* HomeRouter.swift */; };
		9047FCAE2BF1535A00D5E990 /* ProductDetailCellModel.swift in Sources */ = {isa = PBXBuildFile; fileRef = 9047FC842BF1535A00D5E990 /* ProductDetailCellModel.swift */; };
		9047FCAF2BF1535A00D5E990 /* ProductDetailPresenter.swift in Sources */ = {isa = PBXBuildFile; fileRef = 9047FC862BF1535A00D5E990 /* ProductDetailPresenter.swift */; };
		9047FCB02BF1535A00D5E990 /* ProductDetailProtocols.swift in Sources */ = {isa = PBXBuildFile; fileRef = 9047FC882BF1535A00D5E990 /* ProductDetailProtocols.swift */; };
		9047FCB12BF1535A00D5E990 /* ProductAttributeTableViewCell.swift in Sources */ = {isa = PBXBuildFile; fileRef = 9047FC8B2BF1535A00D5E990 /* ProductAttributeTableViewCell.swift */; };
		9047FCB22BF1535A00D5E990 /* ProductSectionTitleTableViewCell.swift in Sources */ = {isa = PBXBuildFile; fileRef = 9047FC8C2BF1535A00D5E990 /* ProductSectionTitleTableViewCell.swift */; };
		9047FCB32BF1535A00D5E990 /* ProductPriceTableViewCell.swift in Sources */ = {isa = PBXBuildFile; fileRef = 9047FC8D2BF1535A00D5E990 /* ProductPriceTableViewCell.swift */; };
		9047FCB42BF1535A00D5E990 /* ProductImageTableViewCell.swift in Sources */ = {isa = PBXBuildFile; fileRef = 9047FC8E2BF1535A00D5E990 /* ProductImageTableViewCell.swift */; };
		9047FCB52BF1535A00D5E990 /* ProductDetailTableViewCell.swift in Sources */ = {isa = PBXBuildFile; fileRef = 9047FC8F2BF1535A00D5E990 /* ProductDetailTableViewCell.swift */; };
		9047FCB62BF1535A00D5E990 /* ProductDetailViewController.swift in Sources */ = {isa = PBXBuildFile; fileRef = 9047FC902BF1535A00D5E990 /* ProductDetailViewController.swift */; };
		9047FCB72BF1535A00D5E990 /* ProductDetailInteractor.swift in Sources */ = {isa = PBXBuildFile; fileRef = 9047FC922BF1535A00D5E990 /* ProductDetailInteractor.swift */; };
		9047FCB82BF1535A00D5E990 /* ProductDetailRouter.swift in Sources */ = {isa = PBXBuildFile; fileRef = 9047FC942BF1535A00D5E990 /* ProductDetailRouter.swift */; };
		9047FCB92BF1535A00D5E990 /* SeekerPresenter.swift in Sources */ = {isa = PBXBuildFile; fileRef = 9047FC972BF1535A00D5E990 /* SeekerPresenter.swift */; };
		9047FCBA2BF1535A00D5E990 /* SeekerProtocol.swift in Sources */ = {isa = PBXBuildFile; fileRef = 9047FC992BF1535A00D5E990 /* SeekerProtocol.swift */; };
		9047FCBB2BF1535A00D5E990 /* SeekerViewController.swift in Sources */ = {isa = PBXBuildFile; fileRef = 9047FC9B2BF1535A00D5E990 /* SeekerViewController.swift */; };
		9047FCBC2BF1535A00D5E990 /* SeekerInteractor.swift in Sources */ = {isa = PBXBuildFile; fileRef = 9047FC9D2BF1535A00D5E990 /* SeekerInteractor.swift */; };
		9047FCBD2BF1535A00D5E990 /* SeekerRouter.swift in Sources */ = {isa = PBXBuildFile; fileRef = 9047FC9F2BF1535A00D5E990 /* SeekerRouter.swift */; };
		9047FCBE2BF1535A00D5E990 /* ProductService.swift in Sources */ = {isa = PBXBuildFile; fileRef = 9047FCA12BF1535A00D5E990 /* ProductService.swift */; };
		9047FCC92BF1D6B300D5E990 /* SearchRepositoryMock.swift in Sources */ = {isa = PBXBuildFile; fileRef = 9047FCC82BF1D6B300D5E990 /* SearchRepositoryMock.swift */; };
		9047FCCC2BF1D85900D5E990 /* ProductServicesTest.swift in Sources */ = {isa = PBXBuildFile; fileRef = 9047FCCB2BF1D85900D5E990 /* ProductServicesTest.swift */; };
		9047FCD02BF1D8DD00D5E990 /* HomeMockInteractor.swift in Sources */ = {isa = PBXBuildFile; fileRef = 9047FCCF2BF1D8DD00D5E990 /* HomeMockInteractor.swift */; };
		9047FCD22BF1DAD600D5E990 /* HomeMockView.swift in Sources */ = {isa = PBXBuildFile; fileRef = 9047FCD12BF1DAD600D5E990 /* HomeMockView.swift */; };
		9047FCD42BF1DB1300D5E990 /* HomeMockRouter.swift in Sources */ = {isa = PBXBuildFile; fileRef = 9047FCD32BF1DB1300D5E990 /* HomeMockRouter.swift */; };
		9047FCD62BF1DB5700D5E990 /* HomeMockPresenter.swift in Sources */ = {isa = PBXBuildFile; fileRef = 9047FCD52BF1DB5700D5E990 /* HomeMockPresenter.swift */; };
		9047FCD82BF1DBD600D5E990 /* HomeInteractorTests.swift in Sources */ = {isa = PBXBuildFile; fileRef = 9047FCD72BF1DBD600D5E990 /* HomeInteractorTests.swift */; };
		9047FCDA2BF1DC6200D5E990 /* ProductServicesMock.swift in Sources */ = {isa = PBXBuildFile; fileRef = 9047FCD92BF1DC6200D5E990 /* ProductServicesMock.swift */; };
		9047FCDC2BF1DD1200D5E990 /* HomePresenterTests.swift in Sources */ = {isa = PBXBuildFile; fileRef = 9047FCDB2BF1DD1200D5E990 /* HomePresenterTests.swift */; };
		9047FCE02BF1DE1400D5E990 /* ProductDetailMockInteractor.swift in Sources */ = {isa = PBXBuildFile; fileRef = 9047FCDF2BF1DE1400D5E990 /* ProductDetailMockInteractor.swift */; };
		9047FCE22BF1DE6000D5E990 /* ProductDetailMockRouter.swift in Sources */ = {isa = PBXBuildFile; fileRef = 9047FCE12BF1DE6000D5E990 /* ProductDetailMockRouter.swift */; };
		9047FCE42BF1DEA700D5E990 /* ProductDetailMockView.swift in Sources */ = {isa = PBXBuildFile; fileRef = 9047FCE32BF1DEA700D5E990 /* ProductDetailMockView.swift */; };
		9047FCE62BF1DEFA00D5E990 /* ProductDetailPresenterTests.swift in Sources */ = {isa = PBXBuildFile; fileRef = 9047FCE52BF1DEFA00D5E990 /* ProductDetailPresenterTests.swift */; };
		9047FCEA2BF1DF8E00D5E990 /* SeekerMockInteractor.swift in Sources */ = {isa = PBXBuildFile; fileRef = 9047FCE92BF1DF8E00D5E990 /* SeekerMockInteractor.swift */; };
		9047FCEC2BF1DFD800D5E990 /* SeekerMockRouter.swift in Sources */ = {isa = PBXBuildFile; fileRef = 9047FCEB2BF1DFD800D5E990 /* SeekerMockRouter.swift */; };
		9047FCEE2BF1E00B00D5E990 /* SeekerMockView.swift in Sources */ = {isa = PBXBuildFile; fileRef = 9047FCED2BF1E00B00D5E990 /* SeekerMockView.swift */; };
		9047FCF02BF1E03F00D5E990 /* SeekerPresenterTests.swift in Sources */ = {isa = PBXBuildFile; fileRef = 9047FCEF2BF1E03F00D5E990 /* SeekerPresenterTests.swift */; };
		905B2F772BEF24AD00860C45 /* AppDelegate.swift in Sources */ = {isa = PBXBuildFile; fileRef = 905B2F762BEF24AD00860C45 /* AppDelegate.swift */; };
		905B2F792BEF24AD00860C45 /* SceneDelegate.swift in Sources */ = {isa = PBXBuildFile; fileRef = 905B2F782BEF24AD00860C45 /* SceneDelegate.swift */; };
		905B2F7B2BEF24AD00860C45 /* ViewController.swift in Sources */ = {isa = PBXBuildFile; fileRef = 905B2F7A2BEF24AD00860C45 /* ViewController.swift */; };
		905B2F7E2BEF24AD00860C45 /* Main.storyboard in Resources */ = {isa = PBXBuildFile; fileRef = 905B2F7C2BEF24AD00860C45 /* Main.storyboard */; };
		905B2F802BEF24AF00860C45 /* Assets.xcassets in Resources */ = {isa = PBXBuildFile; fileRef = 905B2F7F2BEF24AF00860C45 /* Assets.xcassets */; };
		905B2F832BEF24AF00860C45 /* LaunchScreen.storyboard in Resources */ = {isa = PBXBuildFile; fileRef = 905B2F812BEF24AF00860C45 /* LaunchScreen.storyboard */; };
		905B2F8E2BEF24B000860C45 /* MyStoreTests.swift in Sources */ = {isa = PBXBuildFile; fileRef = 905B2F8D2BEF24B000860C45 /* MyStoreTests.swift */; };
		905B2F982BEF24B000860C45 /* MyStoreUITests.swift in Sources */ = {isa = PBXBuildFile; fileRef = 905B2F972BEF24B000860C45 /* MyStoreUITests.swift */; };
		905B2F9A2BEF24B000860C45 /* MyStoreUITestsLaunchTests.swift in Sources */ = {isa = PBXBuildFile; fileRef = 905B2F992BEF24B000860C45 /* MyStoreUITestsLaunchTests.swift */; };
		905B30B22BF1457600860C45 /* Domain.framework in Frameworks */ = {isa = PBXBuildFile; fileRef = 905B30AB2BF144A000860C45 /* Domain.framework */; };
		905B30B32BF1457600860C45 /* Domain.framework in Embed Frameworks */ = {isa = PBXBuildFile; fileRef = 905B30AB2BF144A000860C45 /* Domain.framework */; settings = {ATTRIBUTES = (CodeSignOnCopy, RemoveHeadersOnCopy, ); }; };
		905B310C2BF1489D00860C45 /* Infrastructure.framework in Frameworks */ = {isa = PBXBuildFile; fileRef = 905B30E12BF1481500860C45 /* Infrastructure.framework */; };
		905B310D2BF1489D00860C45 /* Infrastructure.framework in Embed Frameworks */ = {isa = PBXBuildFile; fileRef = 905B30E12BF1481500860C45 /* Infrastructure.framework */; settings = {ATTRIBUTES = (CodeSignOnCopy, RemoveHeadersOnCopy, ); }; };
/* End PBXBuildFile section */

/* Begin PBXContainerItemProxy section */
		905B2F8A2BEF24B000860C45 /* PBXContainerItemProxy */ = {
			isa = PBXContainerItemProxy;
			containerPortal = 905B2F6B2BEF24AD00860C45 /* Project object */;
			proxyType = 1;
			remoteGlobalIDString = 905B2F722BEF24AD00860C45;
			remoteInfo = MyStore;
		};
		905B2F942BEF24B000860C45 /* PBXContainerItemProxy */ = {
			isa = PBXContainerItemProxy;
			containerPortal = 905B2F6B2BEF24AD00860C45 /* Project object */;
			proxyType = 1;
			remoteGlobalIDString = 905B2F722BEF24AD00860C45;
			remoteInfo = MyStore;
		};
		905B30AA2BF144A000860C45 /* PBXContainerItemProxy */ = {
			isa = PBXContainerItemProxy;
			containerPortal = 905B30A52BF1449F00860C45 /* Domain.xcodeproj */;
			proxyType = 2;
			remoteGlobalIDString = 905B308B2BF1449E00860C45;
			remoteInfo = Domain;
		};
		905B30AC2BF144A000860C45 /* PBXContainerItemProxy */ = {
			isa = PBXContainerItemProxy;
			containerPortal = 905B30A52BF1449F00860C45 /* Domain.xcodeproj */;
			proxyType = 2;
			remoteGlobalIDString = 905B30952BF1449F00860C45;
			remoteInfo = DomainTests;
		};
		905B30E02BF1481500860C45 /* PBXContainerItemProxy */ = {
			isa = PBXContainerItemProxy;
			containerPortal = 905B30DB2BF1481400860C45 /* Infrastructure.xcodeproj */;
			proxyType = 2;
			remoteGlobalIDString = 905B30C12BF1481300860C45;
			remoteInfo = Infrastructure;
		};
		905B30E22BF1481500860C45 /* PBXContainerItemProxy */ = {
			isa = PBXContainerItemProxy;
			containerPortal = 905B30DB2BF1481400860C45 /* Infrastructure.xcodeproj */;
			proxyType = 2;
			remoteGlobalIDString = 905B30CB2BF1481400860C45;
			remoteInfo = InfrastructureTests;
		};
/* End PBXContainerItemProxy section */

/* Begin PBXCopyFilesBuildPhase section */
		905B30B42BF1457600860C45 /* Embed Frameworks */ = {
			isa = PBXCopyFilesBuildPhase;
			buildActionMask = 2147483647;
			dstPath = "";
			dstSubfolderSpec = 10;
			files = (
				905B30B32BF1457600860C45 /* Domain.framework in Embed Frameworks */,
				905B310D2BF1489D00860C45 /* Infrastructure.framework in Embed Frameworks */,
			);
			name = "Embed Frameworks";
			runOnlyForDeploymentPostprocessing = 0;
		};
/* End PBXCopyFilesBuildPhase section */

/* Begin PBXFileReference section */
		9047FC6F2BF1535A00D5E990 /* Utils.swift */ = {isa = PBXFileReference; fileEncoding = 4; lastKnownFileType = sourcecode.swift; path = Utils.swift; sourceTree = "<group>"; };
		9047FC712BF1535A00D5E990 /* UIView+Extension.swift */ = {isa = PBXFileReference; fileEncoding = 4; lastKnownFileType = sourcecode.swift; path = "UIView+Extension.swift"; sourceTree = "<group>"; };
		9047FC722BF1535A00D5E990 /* ImageView+extension.swift */ = {isa = PBXFileReference; fileEncoding = 4; lastKnownFileType = sourcecode.swift; path = "ImageView+extension.swift"; sourceTree = "<group>"; };
		9047FC742BF1535A00D5E990 /* UIView+designable.swift */ = {isa = PBXFileReference; fileEncoding = 4; lastKnownFileType = sourcecode.swift; path = "UIView+designable.swift"; sourceTree = "<group>"; };
		9047FC782BF1535A00D5E990 /* HomePresenter.swift */ = {isa = PBXFileReference; fileEncoding = 4; lastKnownFileType = sourcecode.swift; path = HomePresenter.swift; sourceTree = "<group>"; };
		9047FC7A2BF1535A00D5E990 /* HomeProtocols.swift */ = {isa = PBXFileReference; fileEncoding = 4; lastKnownFileType = sourcecode.swift; path = HomeProtocols.swift; sourceTree = "<group>"; };
		9047FC7C2BF1535A00D5E990 /* HomeViewController.swift */ = {isa = PBXFileReference; fileEncoding = 4; lastKnownFileType = sourcecode.swift; path = HomeViewController.swift; sourceTree = "<group>"; };
		9047FC7D2BF1535A00D5E990 /* ProductCollectionViewCell.swift */ = {isa = PBXFileReference; fileEncoding = 4; lastKnownFileType = sourcecode.swift; path = ProductCollectionViewCell.swift; sourceTree = "<group>"; };
		9047FC7F2BF1535A00D5E990 /* HomeInteractor.swift */ = {isa = PBXFileReference; fileEncoding = 4; lastKnownFileType = sourcecode.swift; path = HomeInteractor.swift; sourceTree = "<group>"; };
		9047FC812BF1535A00D5E990 /* HomeRouter.swift */ = {isa = PBXFileReference; fileEncoding = 4; lastKnownFileType = sourcecode.swift; path = HomeRouter.swift; sourceTree = "<group>"; };
		9047FC842BF1535A00D5E990 /* ProductDetailCellModel.swift */ = {isa = PBXFileReference; fileEncoding = 4; lastKnownFileType = sourcecode.swift; path = ProductDetailCellModel.swift; sourceTree = "<group>"; };
		9047FC862BF1535A00D5E990 /* ProductDetailPresenter.swift */ = {isa = PBXFileReference; fileEncoding = 4; lastKnownFileType = sourcecode.swift; path = ProductDetailPresenter.swift; sourceTree = "<group>"; };
		9047FC882BF1535A00D5E990 /* ProductDetailProtocols.swift */ = {isa = PBXFileReference; fileEncoding = 4; lastKnownFileType = sourcecode.swift; path = ProductDetailProtocols.swift; sourceTree = "<group>"; };
		9047FC8B2BF1535A00D5E990 /* ProductAttributeTableViewCell.swift */ = {isa = PBXFileReference; fileEncoding = 4; lastKnownFileType = sourcecode.swift; path = ProductAttributeTableViewCell.swift; sourceTree = "<group>"; };
		9047FC8C2BF1535A00D5E990 /* ProductSectionTitleTableViewCell.swift */ = {isa = PBXFileReference; fileEncoding = 4; lastKnownFileType = sourcecode.swift; path = ProductSectionTitleTableViewCell.swift; sourceTree = "<group>"; };
		9047FC8D2BF1535A00D5E990 /* ProductPriceTableViewCell.swift */ = {isa = PBXFileReference; fileEncoding = 4; lastKnownFileType = sourcecode.swift; path = ProductPriceTableViewCell.swift; sourceTree = "<group>"; };
		9047FC8E2BF1535A00D5E990 /* ProductImageTableViewCell.swift */ = {isa = PBXFileReference; fileEncoding = 4; lastKnownFileType = sourcecode.swift; path = ProductImageTableViewCell.swift; sourceTree = "<group>"; };
		9047FC8F2BF1535A00D5E990 /* ProductDetailTableViewCell.swift */ = {isa = PBXFileReference; fileEncoding = 4; lastKnownFileType = sourcecode.swift; path = ProductDetailTableViewCell.swift; sourceTree = "<group>"; };
		9047FC902BF1535A00D5E990 /* ProductDetailViewController.swift */ = {isa = PBXFileReference; fileEncoding = 4; lastKnownFileType = sourcecode.swift; path = ProductDetailViewController.swift; sourceTree = "<group>"; };
		9047FC922BF1535A00D5E990 /* ProductDetailInteractor.swift */ = {isa = PBXFileReference; fileEncoding = 4; lastKnownFileType = sourcecode.swift; path = ProductDetailInteractor.swift; sourceTree = "<group>"; };
		9047FC942BF1535A00D5E990 /* ProductDetailRouter.swift */ = {isa = PBXFileReference; fileEncoding = 4; lastKnownFileType = sourcecode.swift; path = ProductDetailRouter.swift; sourceTree = "<group>"; };
		9047FC972BF1535A00D5E990 /* SeekerPresenter.swift */ = {isa = PBXFileReference; fileEncoding = 4; lastKnownFileType = sourcecode.swift; path = SeekerPresenter.swift; sourceTree = "<group>"; };
		9047FC992BF1535A00D5E990 /* SeekerProtocol.swift */ = {isa = PBXFileReference; fileEncoding = 4; lastKnownFileType = sourcecode.swift; path = SeekerProtocol.swift; sourceTree = "<group>"; };
		9047FC9B2BF1535A00D5E990 /* SeekerViewController.swift */ = {isa = PBXFileReference; fileEncoding = 4; lastKnownFileType = sourcecode.swift; path = SeekerViewController.swift; sourceTree = "<group>"; };
		9047FC9D2BF1535A00D5E990 /* SeekerInteractor.swift */ = {isa = PBXFileReference; fileEncoding = 4; lastKnownFileType = sourcecode.swift; path = SeekerInteractor.swift; sourceTree = "<group>"; };
		9047FC9F2BF1535A00D5E990 /* SeekerRouter.swift */ = {isa = PBXFileReference; fileEncoding = 4; lastKnownFileType = sourcecode.swift; path = SeekerRouter.swift; sourceTree = "<group>"; };
		9047FCA12BF1535A00D5E990 /* ProductService.swift */ = {isa = PBXFileReference; fileEncoding = 4; lastKnownFileType = sourcecode.swift; path = ProductService.swift; sourceTree = "<group>"; };
		9047FCC82BF1D6B300D5E990 /* SearchRepositoryMock.swift */ = {isa = PBXFileReference; lastKnownFileType = sourcecode.swift; path = SearchRepositoryMock.swift; sourceTree = "<group>"; };
		9047FCCB2BF1D85900D5E990 /* ProductServicesTest.swift */ = {isa = PBXFileReference; lastKnownFileType = sourcecode.swift; path = ProductServicesTest.swift; sourceTree = "<group>"; };
		9047FCCF2BF1D8DD00D5E990 /* HomeMockInteractor.swift */ = {isa = PBXFileReference; lastKnownFileType = sourcecode.swift; path = HomeMockInteractor.swift; sourceTree = "<group>"; };
		9047FCD12BF1DAD600D5E990 /* HomeMockView.swift */ = {isa = PBXFileReference; lastKnownFileType = sourcecode.swift; path = HomeMockView.swift; sourceTree = "<group>"; };
		9047FCD32BF1DB1300D5E990 /* HomeMockRouter.swift */ = {isa = PBXFileReference; lastKnownFileType = sourcecode.swift; path = HomeMockRouter.swift; sourceTree = "<group>"; };
		9047FCD52BF1DB5700D5E990 /* HomeMockPresenter.swift */ = {isa = PBXFileReference; lastKnownFileType = sourcecode.swift; path = HomeMockPresenter.swift; sourceTree = "<group>"; };
		9047FCD72BF1DBD600D5E990 /* HomeInteractorTests.swift */ = {isa = PBXFileReference; lastKnownFileType = sourcecode.swift; path = HomeInteractorTests.swift; sourceTree = "<group>"; };
		9047FCD92BF1DC6200D5E990 /* ProductServicesMock.swift */ = {isa = PBXFileReference; lastKnownFileType = sourcecode.swift; path = ProductServicesMock.swift; sourceTree = "<group>"; };
		9047FCDB2BF1DD1200D5E990 /* HomePresenterTests.swift */ = {isa = PBXFileReference; lastKnownFileType = sourcecode.swift; path = HomePresenterTests.swift; sourceTree = "<group>"; };
		9047FCDF2BF1DE1400D5E990 /* ProductDetailMockInteractor.swift */ = {isa = PBXFileReference; lastKnownFileType = sourcecode.swift; path = ProductDetailMockInteractor.swift; sourceTree = "<group>"; };
		9047FCE12BF1DE6000D5E990 /* ProductDetailMockRouter.swift */ = {isa = PBXFileReference; lastKnownFileType = sourcecode.swift; path = ProductDetailMockRouter.swift; sourceTree = "<group>"; };
		9047FCE32BF1DEA700D5E990 /* ProductDetailMockView.swift */ = {isa = PBXFileReference; lastKnownFileType = sourcecode.swift; path = ProductDetailMockView.swift; sourceTree = "<group>"; };
		9047FCE52BF1DEFA00D5E990 /* ProductDetailPresenterTests.swift */ = {isa = PBXFileReference; lastKnownFileType = sourcecode.swift; path = ProductDetailPresenterTests.swift; sourceTree = "<group>"; };
		9047FCE92BF1DF8E00D5E990 /* SeekerMockInteractor.swift */ = {isa = PBXFileReference; lastKnownFileType = sourcecode.swift; path = SeekerMockInteractor.swift; sourceTree = "<group>"; };
		9047FCEB2BF1DFD800D5E990 /* SeekerMockRouter.swift */ = {isa = PBXFileReference; lastKnownFileType = sourcecode.swift; path = SeekerMockRouter.swift; sourceTree = "<group>"; };
		9047FCED2BF1E00B00D5E990 /* SeekerMockView.swift */ = {isa = PBXFileReference; lastKnownFileType = sourcecode.swift; path = SeekerMockView.swift; sourceTree = "<group>"; };
		9047FCEF2BF1E03F00D5E990 /* SeekerPresenterTests.swift */ = {isa = PBXFileReference; lastKnownFileType = sourcecode.swift; path = SeekerPresenterTests.swift; sourceTree = "<group>"; };
		905B2F732BEF24AD00860C45 /* MyStore.app */ = {isa = PBXFileReference; explicitFileType = wrapper.application; includeInIndex = 0; path = MyStore.app; sourceTree = BUILT_PRODUCTS_DIR; };
		905B2F762BEF24AD00860C45 /* AppDelegate.swift */ = {isa = PBXFileReference; lastKnownFileType = sourcecode.swift; path = AppDelegate.swift; sourceTree = "<group>"; };
		905B2F782BEF24AD00860C45 /* SceneDelegate.swift */ = {isa = PBXFileReference; lastKnownFileType = sourcecode.swift; path = SceneDelegate.swift; sourceTree = "<group>"; };
		905B2F7A2BEF24AD00860C45 /* ViewController.swift */ = {isa = PBXFileReference; lastKnownFileType = sourcecode.swift; path = ViewController.swift; sourceTree = "<group>"; };
		905B2F7D2BEF24AD00860C45 /* Base */ = {isa = PBXFileReference; lastKnownFileType = file.storyboard; name = Base; path = Base.lproj/Main.storyboard; sourceTree = "<group>"; };
		905B2F7F2BEF24AF00860C45 /* Assets.xcassets */ = {isa = PBXFileReference; lastKnownFileType = folder.assetcatalog; path = Assets.xcassets; sourceTree = "<group>"; };
		905B2F822BEF24AF00860C45 /* Base */ = {isa = PBXFileReference; lastKnownFileType = file.storyboard; name = Base; path = Base.lproj/LaunchScreen.storyboard; sourceTree = "<group>"; };
		905B2F842BEF24AF00860C45 /* Info.plist */ = {isa = PBXFileReference; lastKnownFileType = text.plist.xml; path = Info.plist; sourceTree = "<group>"; };
		905B2F892BEF24B000860C45 /* MyStoreTests.xctest */ = {isa = PBXFileReference; explicitFileType = wrapper.cfbundle; includeInIndex = 0; path = MyStoreTests.xctest; sourceTree = BUILT_PRODUCTS_DIR; };
		905B2F8D2BEF24B000860C45 /* MyStoreTests.swift */ = {isa = PBXFileReference; lastKnownFileType = sourcecode.swift; path = MyStoreTests.swift; sourceTree = "<group>"; };
		905B2F932BEF24B000860C45 /* MyStoreUITests.xctest */ = {isa = PBXFileReference; explicitFileType = wrapper.cfbundle; includeInIndex = 0; path = MyStoreUITests.xctest; sourceTree = BUILT_PRODUCTS_DIR; };
		905B2F972BEF24B000860C45 /* MyStoreUITests.swift */ = {isa = PBXFileReference; lastKnownFileType = sourcecode.swift; path = MyStoreUITests.swift; sourceTree = "<group>"; };
		905B2F992BEF24B000860C45 /* MyStoreUITestsLaunchTests.swift */ = {isa = PBXFileReference; lastKnownFileType = sourcecode.swift; path = MyStoreUITestsLaunchTests.swift; sourceTree = "<group>"; };
		905B30A52BF1449F00860C45 /* Domain.xcodeproj */ = {isa = PBXFileReference; lastKnownFileType = "wrapper.pb-project"; name = Domain.xcodeproj; path = Domain/Domain.xcodeproj; sourceTree = "<group>"; };
		905B30DB2BF1481400860C45 /* Infrastructure.xcodeproj */ = {isa = PBXFileReference; lastKnownFileType = "wrapper.pb-project"; name = Infrastructure.xcodeproj; path = Infrastructure/Infrastructure.xcodeproj; sourceTree = "<group>"; };
/* End PBXFileReference section */

/* Begin PBXFrameworksBuildPhase section */
		905B2F702BEF24AD00860C45 /* Frameworks */ = {
			isa = PBXFrameworksBuildPhase;
			buildActionMask = 2147483647;
			files = (
				905B30B22BF1457600860C45 /* Domain.framework in Frameworks */,
				905B310C2BF1489D00860C45 /* Infrastructure.framework in Frameworks */,
			);
			runOnlyForDeploymentPostprocessing = 0;
		};
		905B2F862BEF24B000860C45 /* Frameworks */ = {
			isa = PBXFrameworksBuildPhase;
			buildActionMask = 2147483647;
			files = (
			);
			runOnlyForDeploymentPostprocessing = 0;
		};
		905B2F902BEF24B000860C45 /* Frameworks */ = {
			isa = PBXFrameworksBuildPhase;
			buildActionMask = 2147483647;
			files = (
			);
			runOnlyForDeploymentPostprocessing = 0;
		};
/* End PBXFrameworksBuildPhase section */

/* Begin PBXGroup section */
		9047FC6C2BF1535A00D5E990 /* Aplication */ = {
			isa = PBXGroup;
			children = (
				9047FC6D2BF1535A00D5E990 /* Commons */,
				9047FC752BF1535A00D5E990 /* Modules */,
				9047FCA02BF1535A00D5E990 /* Services */,
			);
			path = Aplication;
			sourceTree = "<group>";
		};
		9047FC6D2BF1535A00D5E990 /* Commons */ = {
			isa = PBXGroup;
			children = (
				9047FC6E2BF1535A00D5E990 /* Utils */,
				9047FC702BF1535A00D5E990 /* Extensions */,
				9047FC732BF1535A00D5E990 /* Designables */,
			);
			path = Commons;
			sourceTree = "<group>";
		};
		9047FC6E2BF1535A00D5E990 /* Utils */ = {
			isa = PBXGroup;
			children = (
				9047FC6F2BF1535A00D5E990 /* Utils.swift */,
			);
			path = Utils;
			sourceTree = "<group>";
		};
		9047FC702BF1535A00D5E990 /* Extensions */ = {
			isa = PBXGroup;
			children = (
				9047FC712BF1535A00D5E990 /* UIView+Extension.swift */,
				9047FC722BF1535A00D5E990 /* ImageView+extension.swift */,
			);
			path = Extensions;
			sourceTree = "<group>";
		};
		9047FC732BF1535A00D5E990 /* Designables */ = {
			isa = PBXGroup;
			children = (
				9047FC742BF1535A00D5E990 /* UIView+designable.swift */,
			);
			path = Designables;
			sourceTree = "<group>";
		};
		9047FC752BF1535A00D5E990 /* Modules */ = {
			isa = PBXGroup;
			children = (
				9047FC762BF1535A00D5E990 /* Home */,
				9047FC822BF1535A00D5E990 /* ProductDetail */,
				9047FC952BF1535A00D5E990 /* Seeker */,
			);
			path = Modules;
			sourceTree = "<group>";
		};
		9047FC762BF1535A00D5E990 /* Home */ = {
			isa = PBXGroup;
			children = (
				9047FC772BF1535A00D5E990 /* Presenter */,
				9047FC792BF1535A00D5E990 /* Protocol */,
				9047FC7B2BF1535A00D5E990 /* View */,
				9047FC7E2BF1535A00D5E990 /* Interactor */,
				9047FC802BF1535A00D5E990 /* Router */,
			);
			path = Home;
			sourceTree = "<group>";
		};
		9047FC772BF1535A00D5E990 /* Presenter */ = {
			isa = PBXGroup;
			children = (
				9047FC782BF1535A00D5E990 /* HomePresenter.swift */,
			);
			path = Presenter;
			sourceTree = "<group>";
		};
		9047FC792BF1535A00D5E990 /* Protocol */ = {
			isa = PBXGroup;
			children = (
				9047FC7A2BF1535A00D5E990 /* HomeProtocols.swift */,
			);
			path = Protocol;
			sourceTree = "<group>";
		};
		9047FC7B2BF1535A00D5E990 /* View */ = {
			isa = PBXGroup;
			children = (
				9047FC7C2BF1535A00D5E990 /* HomeViewController.swift */,
				9047FC7D2BF1535A00D5E990 /* ProductCollectionViewCell.swift */,
			);
			path = View;
			sourceTree = "<group>";
		};
		9047FC7E2BF1535A00D5E990 /* Interactor */ = {
			isa = PBXGroup;
			children = (
				9047FC7F2BF1535A00D5E990 /* HomeInteractor.swift */,
			);
			path = Interactor;
			sourceTree = "<group>";
		};
		9047FC802BF1535A00D5E990 /* Router */ = {
			isa = PBXGroup;
			children = (
				9047FC812BF1535A00D5E990 /* HomeRouter.swift */,
			);
			path = Router;
			sourceTree = "<group>";
		};
		9047FC822BF1535A00D5E990 /* ProductDetail */ = {
			isa = PBXGroup;
			children = (
				9047FC832BF1535A00D5E990 /* Entity */,
				9047FC852BF1535A00D5E990 /* Presenter */,
				9047FC872BF1535A00D5E990 /* Protocol */,
				9047FC892BF1535A00D5E990 /* View */,
				9047FC912BF1535A00D5E990 /* Interactor */,
				9047FC932BF1535A00D5E990 /* Router */,
			);
			path = ProductDetail;
			sourceTree = "<group>";
		};
		9047FC832BF1535A00D5E990 /* Entity */ = {
			isa = PBXGroup;
			children = (
				9047FC842BF1535A00D5E990 /* ProductDetailCellModel.swift */,
			);
			path = Entity;
			sourceTree = "<group>";
		};
		9047FC852BF1535A00D5E990 /* Presenter */ = {
			isa = PBXGroup;
			children = (
				9047FC862BF1535A00D5E990 /* ProductDetailPresenter.swift */,
			);
			path = Presenter;
			sourceTree = "<group>";
		};
		9047FC872BF1535A00D5E990 /* Protocol */ = {
			isa = PBXGroup;
			children = (
				9047FC882BF1535A00D5E990 /* ProductDetailProtocols.swift */,
			);
			path = Protocol;
			sourceTree = "<group>";
		};
		9047FC892BF1535A00D5E990 /* View */ = {
			isa = PBXGroup;
			children = (
				9047FC8A2BF1535A00D5E990 /* Cells */,
				9047FC8F2BF1535A00D5E990 /* ProductDetailTableViewCell.swift */,
				9047FC902BF1535A00D5E990 /* ProductDetailViewController.swift */,
			);
			path = View;
			sourceTree = "<group>";
		};
		9047FC8A2BF1535A00D5E990 /* Cells */ = {
			isa = PBXGroup;
			children = (
				9047FC8B2BF1535A00D5E990 /* ProductAttributeTableViewCell.swift */,
				9047FC8C2BF1535A00D5E990 /* ProductSectionTitleTableViewCell.swift */,
				9047FC8D2BF1535A00D5E990 /* ProductPriceTableViewCell.swift */,
				9047FC8E2BF1535A00D5E990 /* ProductImageTableViewCell.swift */,
			);
			path = Cells;
			sourceTree = "<group>";
		};
		9047FC912BF1535A00D5E990 /* Interactor */ = {
			isa = PBXGroup;
			children = (
				9047FC922BF1535A00D5E990 /* ProductDetailInteractor.swift */,
			);
			path = Interactor;
			sourceTree = "<group>";
		};
		9047FC932BF1535A00D5E990 /* Router */ = {
			isa = PBXGroup;
			children = (
				9047FC942BF1535A00D5E990 /* ProductDetailRouter.swift */,
			);
			path = Router;
			sourceTree = "<group>";
		};
		9047FC952BF1535A00D5E990 /* Seeker */ = {
			isa = PBXGroup;
			children = (
				9047FC962BF1535A00D5E990 /* Presenter */,
				9047FC982BF1535A00D5E990 /* Protocol */,
				9047FC9A2BF1535A00D5E990 /* View */,
				9047FC9C2BF1535A00D5E990 /* Interactor */,
				9047FC9E2BF1535A00D5E990 /* Router */,
			);
			path = Seeker;
			sourceTree = "<group>";
		};
		9047FC962BF1535A00D5E990 /* Presenter */ = {
			isa = PBXGroup;
			children = (
				9047FC972BF1535A00D5E990 /* SeekerPresenter.swift */,
			);
			path = Presenter;
			sourceTree = "<group>";
		};
		9047FC982BF1535A00D5E990 /* Protocol */ = {
			isa = PBXGroup;
			children = (
				9047FC992BF1535A00D5E990 /* SeekerProtocol.swift */,
			);
			path = Protocol;
			sourceTree = "<group>";
		};
		9047FC9A2BF1535A00D5E990 /* View */ = {
			isa = PBXGroup;
			children = (
				9047FC9B2BF1535A00D5E990 /* SeekerViewController.swift */,
			);
			path = View;
			sourceTree = "<group>";
		};
		9047FC9C2BF1535A00D5E990 /* Interactor */ = {
			isa = PBXGroup;
			children = (
				9047FC9D2BF1535A00D5E990 /* SeekerInteractor.swift */,
			);
			path = Interactor;
			sourceTree = "<group>";
		};
		9047FC9E2BF1535A00D5E990 /* Router */ = {
			isa = PBXGroup;
			children = (
				9047FC9F2BF1535A00D5E990 /* SeekerRouter.swift */,
			);
			path = Router;
			sourceTree = "<group>";
		};
		9047FCA02BF1535A00D5E990 /* Services */ = {
			isa = PBXGroup;
			children = (
				9047FCA12BF1535A00D5E990 /* ProductService.swift */,
			);
			path = Services;
			sourceTree = "<group>";
		};
		9047FCC72BF1D67900D5E990 /* ProductServices */ = {
			isa = PBXGroup;
			children = (
				9047FCCA2BF1D6B800D5E990 /* Mocks */,
				9047FCCB2BF1D85900D5E990 /* ProductServicesTest.swift */,
			);
			path = ProductServices;
			sourceTree = "<group>";
		};
		9047FCCA2BF1D6B800D5E990 /* Mocks */ = {
			isa = PBXGroup;
			children = (
				9047FCC82BF1D6B300D5E990 /* SearchRepositoryMock.swift */,
			);
			path = Mocks;
			sourceTree = "<group>";
		};
		9047FCCD2BF1D8C000D5E990 /* Home */ = {
			isa = PBXGroup;
			children = (
				9047FCCE2BF1D8CA00D5E990 /* Mocks */,
				9047FCD72BF1DBD600D5E990 /* HomeInteractorTests.swift */,
				9047FCDB2BF1DD1200D5E990 /* HomePresenterTests.swift */,
			);
			path = Home;
			sourceTree = "<group>";
		};
		9047FCCE2BF1D8CA00D5E990 /* Mocks */ = {
			isa = PBXGroup;
			children = (
				9047FCCF2BF1D8DD00D5E990 /* HomeMockInteractor.swift */,
				9047FCD12BF1DAD600D5E990 /* HomeMockView.swift */,
				9047FCD32BF1DB1300D5E990 /* HomeMockRouter.swift */,
				9047FCD52BF1DB5700D5E990 /* HomeMockPresenter.swift */,
				9047FCD92BF1DC6200D5E990 /* ProductServicesMock.swift */,
			);
			path = Mocks;
			sourceTree = "<group>";
		};
		9047FCDD2BF1DDB300D5E990 /* ProductDetail */ = {
			isa = PBXGroup;
			children = (
				9047FCDE2BF1DDF400D5E990 /* Mocks */,
				9047FCE52BF1DEFA00D5E990 /* ProductDetailPresenterTests.swift */,
			);
			path = ProductDetail;
			sourceTree = "<group>";
		};
		9047FCDE2BF1DDF400D5E990 /* Mocks */ = {
			isa = PBXGroup;
			children = (
				9047FCDF2BF1DE1400D5E990 /* ProductDetailMockInteractor.swift */,
				9047FCE12BF1DE6000D5E990 /* ProductDetailMockRouter.swift */,
				9047FCE32BF1DEA700D5E990 /* ProductDetailMockView.swift */,
			);
			path = Mocks;
			sourceTree = "<group>";
		};
		9047FCE72BF1DF5B00D5E990 /* Seeker */ = {
			isa = PBXGroup;
			children = (
				9047FCE82BF1DF6D00D5E990 /* Mocks */,
				9047FCEF2BF1E03F00D5E990 /* SeekerPresenterTests.swift */,
			);
			path = Seeker;
			sourceTree = "<group>";
		};
		9047FCE82BF1DF6D00D5E990 /* Mocks */ = {
			isa = PBXGroup;
			children = (
				9047FCE92BF1DF8E00D5E990 /* SeekerMockInteractor.swift */,
				9047FCEB2BF1DFD800D5E990 /* SeekerMockRouter.swift */,
				9047FCED2BF1E00B00D5E990 /* SeekerMockView.swift */,
			);
			path = Mocks;
			sourceTree = "<group>";
		};
		905B2F6A2BEF24AD00860C45 = {
			isa = PBXGroup;
			children = (
				905B30DB2BF1481400860C45 /* Infrastructure.xcodeproj */,
				905B30A52BF1449F00860C45 /* Domain.xcodeproj */,
				905B2F752BEF24AD00860C45 /* MyStore */,
				905B2F8C2BEF24B000860C45 /* MyStoreTests */,
				905B2F962BEF24B000860C45 /* MyStoreUITests */,
				905B2F742BEF24AD00860C45 /* Products */,
				905B30B12BF1457600860C45 /* Frameworks */,
			);
			sourceTree = "<group>";
		};
		905B2F742BEF24AD00860C45 /* Products */ = {
			isa = PBXGroup;
			children = (
				905B2F732BEF24AD00860C45 /* MyStore.app */,
				905B2F892BEF24B000860C45 /* MyStoreTests.xctest */,
				905B2F932BEF24B000860C45 /* MyStoreUITests.xctest */,
			);
			name = Products;
			sourceTree = "<group>";
		};
		905B2F752BEF24AD00860C45 /* MyStore */ = {
			isa = PBXGroup;
			children = (
				9047FC6C2BF1535A00D5E990 /* Aplication */,
				905B2F762BEF24AD00860C45 /* AppDelegate.swift */,
				905B2F782BEF24AD00860C45 /* SceneDelegate.swift */,
				905B2F7A2BEF24AD00860C45 /* ViewController.swift */,
				905B2F7C2BEF24AD00860C45 /* Main.storyboard */,
				905B2F7F2BEF24AF00860C45 /* Assets.xcassets */,
				905B2F812BEF24AF00860C45 /* LaunchScreen.storyboard */,
				905B2F842BEF24AF00860C45 /* Info.plist */,
			);
			path = MyStore;
			sourceTree = "<group>";
		};
		905B2F8C2BEF24B000860C45 /* MyStoreTests */ = {
			isa = PBXGroup;
			children = (
				9047FCE72BF1DF5B00D5E990 /* Seeker */,
				9047FCDD2BF1DDB300D5E990 /* ProductDetail */,
				9047FCCD2BF1D8C000D5E990 /* Home */,
				9047FCC72BF1D67900D5E990 /* ProductServices */,
				905B2F8D2BEF24B000860C45 /* MyStoreTests.swift */,
			);
			path = MyStoreTests;
			sourceTree = "<group>";
		};
		905B2F962BEF24B000860C45 /* MyStoreUITests */ = {
			isa = PBXGroup;
			children = (
				905B2F972BEF24B000860C45 /* MyStoreUITests.swift */,
				905B2F992BEF24B000860C45 /* MyStoreUITestsLaunchTests.swift */,
			);
			path = MyStoreUITests;
			sourceTree = "<group>";
		};
		905B30A62BF1449F00860C45 /* Products */ = {
			isa = PBXGroup;
			children = (
				905B30AB2BF144A000860C45 /* Domain.framework */,
				905B30AD2BF144A000860C45 /* DomainTests.xctest */,
			);
			name = Products;
			sourceTree = "<group>";
		};
		905B30B12BF1457600860C45 /* Frameworks */ = {
			isa = PBXGroup;
			children = (
			);
			name = Frameworks;
			sourceTree = "<group>";
		};
		905B30DC2BF1481400860C45 /* Products */ = {
			isa = PBXGroup;
			children = (
				905B30E12BF1481500860C45 /* Infrastructure.framework */,
				905B30E32BF1481500860C45 /* InfrastructureTests.xctest */,
			);
			name = Products;
			sourceTree = "<group>";
		};
/* End PBXGroup section */

/* Begin PBXNativeTarget section */
		905B2F722BEF24AD00860C45 /* MyStore */ = {
			isa = PBXNativeTarget;
			buildConfigurationList = 905B2F9D2BEF24B000860C45 /* Build configuration list for PBXNativeTarget "MyStore" */;
			buildPhases = (
				905B2F6F2BEF24AD00860C45 /* Sources */,
				905B2F702BEF24AD00860C45 /* Frameworks */,
				905B2F712BEF24AD00860C45 /* Resources */,
				905B30B42BF1457600860C45 /* Embed Frameworks */,
			);
			buildRules = (
			);
			dependencies = (
			);
			name = MyStore;
			productName = MyStore;
			productReference = 905B2F732BEF24AD00860C45 /* MyStore.app */;
			productType = "com.apple.product-type.application";
		};
		905B2F882BEF24B000860C45 /* MyStoreTests */ = {
			isa = PBXNativeTarget;
			buildConfigurationList = 905B2FA02BEF24B000860C45 /* Build configuration list for PBXNativeTarget "MyStoreTests" */;
			buildPhases = (
				905B2F852BEF24B000860C45 /* Sources */,
				905B2F862BEF24B000860C45 /* Frameworks */,
				905B2F872BEF24B000860C45 /* Resources */,
			);
			buildRules = (
			);
			dependencies = (
				905B2F8B2BEF24B000860C45 /* PBXTargetDependency */,
			);
			name = MyStoreTests;
			productName = MyStoreTests;
			productReference = 905B2F892BEF24B000860C45 /* MyStoreTests.xctest */;
			productType = "com.apple.product-type.bundle.unit-test";
		};
		905B2F922BEF24B000860C45 /* MyStoreUITests */ = {
			isa = PBXNativeTarget;
			buildConfigurationList = 905B2FA32BEF24B000860C45 /* Build configuration list for PBXNativeTarget "MyStoreUITests" */;
			buildPhases = (
				905B2F8F2BEF24B000860C45 /* Sources */,
				905B2F902BEF24B000860C45 /* Frameworks */,
				905B2F912BEF24B000860C45 /* Resources */,
			);
			buildRules = (
			);
			dependencies = (
				905B2F952BEF24B000860C45 /* PBXTargetDependency */,
			);
			name = MyStoreUITests;
			productName = MyStoreUITests;
			productReference = 905B2F932BEF24B000860C45 /* MyStoreUITests.xctest */;
			productType = "com.apple.product-type.bundle.ui-testing";
		};
/* End PBXNativeTarget section */

/* Begin PBXProject section */
		905B2F6B2BEF24AD00860C45 /* Project object */ = {
			isa = PBXProject;
			attributes = {
				BuildIndependentTargetsInParallel = 1;
				LastSwiftUpdateCheck = 1430;
				LastUpgradeCheck = 1430;
				TargetAttributes = {
					905B2F722BEF24AD00860C45 = {
						CreatedOnToolsVersion = 14.3.1;
					};
					905B2F882BEF24B000860C45 = {
						CreatedOnToolsVersion = 14.3.1;
						TestTargetID = 905B2F722BEF24AD00860C45;
					};
					905B2F922BEF24B000860C45 = {
						CreatedOnToolsVersion = 14.3.1;
						TestTargetID = 905B2F722BEF24AD00860C45;
					};
				};
			};
			buildConfigurationList = 905B2F6E2BEF24AD00860C45 /* Build configuration list for PBXProject "MyStore" */;
			compatibilityVersion = "Xcode 14.0";
			developmentRegion = en;
			hasScannedForEncodings = 0;
			knownRegions = (
				en,
				Base,
			);
			mainGroup = 905B2F6A2BEF24AD00860C45;
			productRefGroup = 905B2F742BEF24AD00860C45 /* Products */;
			projectDirPath = "";
			projectReferences = (
				{
					ProductGroup = 905B30A62BF1449F00860C45 /* Products */;
					ProjectRef = 905B30A52BF1449F00860C45 /* Domain.xcodeproj */;
				},
				{
					ProductGroup = 905B30DC2BF1481400860C45 /* Products */;
					ProjectRef = 905B30DB2BF1481400860C45 /* Infrastructure.xcodeproj */;
				},
			);
			projectRoot = "";
			targets = (
				905B2F722BEF24AD00860C45 /* MyStore */,
				905B2F882BEF24B000860C45 /* MyStoreTests */,
				905B2F922BEF24B000860C45 /* MyStoreUITests */,
			);
		};
/* End PBXProject section */

/* Begin PBXReferenceProxy section */
		905B30AB2BF144A000860C45 /* Domain.framework */ = {
			isa = PBXReferenceProxy;
			fileType = wrapper.framework;
			path = Domain.framework;
			remoteRef = 905B30AA2BF144A000860C45 /* PBXContainerItemProxy */;
			sourceTree = BUILT_PRODUCTS_DIR;
		};
		905B30AD2BF144A000860C45 /* DomainTests.xctest */ = {
			isa = PBXReferenceProxy;
			fileType = wrapper.cfbundle;
			path = DomainTests.xctest;
			remoteRef = 905B30AC2BF144A000860C45 /* PBXContainerItemProxy */;
			sourceTree = BUILT_PRODUCTS_DIR;
		};
		905B30E12BF1481500860C45 /* Infrastructure.framework */ = {
			isa = PBXReferenceProxy;
			fileType = wrapper.framework;
			path = Infrastructure.framework;
			remoteRef = 905B30E02BF1481500860C45 /* PBXContainerItemProxy */;
			sourceTree = BUILT_PRODUCTS_DIR;
		};
		905B30E32BF1481500860C45 /* InfrastructureTests.xctest */ = {
			isa = PBXReferenceProxy;
			fileType = wrapper.cfbundle;
			path = InfrastructureTests.xctest;
			remoteRef = 905B30E22BF1481500860C45 /* PBXContainerItemProxy */;
			sourceTree = BUILT_PRODUCTS_DIR;
		};
/* End PBXReferenceProxy section */

/* Begin PBXResourcesBuildPhase section */
		905B2F712BEF24AD00860C45 /* Resources */ = {
			isa = PBXResourcesBuildPhase;
			buildActionMask = 2147483647;
			files = (
				905B2F832BEF24AF00860C45 /* LaunchScreen.storyboard in Resources */,
				905B2F802BEF24AF00860C45 /* Assets.xcassets in Resources */,
				905B2F7E2BEF24AD00860C45 /* Main.storyboard in Resources */,
			);
			runOnlyForDeploymentPostprocessing = 0;
		};
		905B2F872BEF24B000860C45 /* Resources */ = {
			isa = PBXResourcesBuildPhase;
			buildActionMask = 2147483647;
			files = (
			);
			runOnlyForDeploymentPostprocessing = 0;
		};
		905B2F912BEF24B000860C45 /* Resources */ = {
			isa = PBXResourcesBuildPhase;
			buildActionMask = 2147483647;
			files = (
			);
			runOnlyForDeploymentPostprocessing = 0;
		};
/* End PBXResourcesBuildPhase section */

/* Begin PBXSourcesBuildPhase section */
		905B2F6F2BEF24AD00860C45 /* Sources */ = {
			isa = PBXSourcesBuildPhase;
			buildActionMask = 2147483647;
			files = (
				9047FCB02BF1535A00D5E990 /* ProductDetailProtocols.swift in Sources */,
				9047FCB42BF1535A00D5E990 /* ProductImageTableViewCell.swift in Sources */,
				9047FCB52BF1535A00D5E990 /* ProductDetailTableViewCell.swift in Sources */,
				9047FCB32BF1535A00D5E990 /* ProductPriceTableViewCell.swift in Sources */,
				905B2F7B2BEF24AD00860C45 /* ViewController.swift in Sources */,
				9047FCA72BF1535A00D5E990 /* UIView+designable.swift in Sources */,
				9047FCAE2BF1535A00D5E990 /* ProductDetailCellModel.swift in Sources */,
				9047FCBD2BF1535A00D5E990 /* SeekerRouter.swift in Sources */,
				9047FCB62BF1535A00D5E990 /* ProductDetailViewController.swift in Sources */,
				9047FCAB2BF1535A00D5E990 /* ProductCollectionViewCell.swift in Sources */,
				9047FCAC2BF1535A00D5E990 /* HomeInteractor.swift in Sources */,
				905B2F772BEF24AD00860C45 /* AppDelegate.swift in Sources */,
				905B2F792BEF24AD00860C45 /* SceneDelegate.swift in Sources */,
				9047FCAD2BF1535A00D5E990 /* HomeRouter.swift in Sources */,
				9047FCA92BF1535A00D5E990 /* HomeProtocols.swift in Sources */,
				9047FCBA2BF1535A00D5E990 /* SeekerProtocol.swift in Sources */,
				9047FCB22BF1535A00D5E990 /* ProductSectionTitleTableViewCell.swift in Sources */,
				9047FCB92BF1535A00D5E990 /* SeekerPresenter.swift in Sources */,
				9047FCAA2BF1535A00D5E990 /* HomeViewController.swift in Sources */,
				9047FCAF2BF1535A00D5E990 /* ProductDetailPresenter.swift in Sources */,
				9047FCB82BF1535A00D5E990 /* ProductDetailRouter.swift in Sources */,
				9047FCB72BF1535A00D5E990 /* ProductDetailInteractor.swift in Sources */,
				9047FCB12BF1535A00D5E990 /* ProductAttributeTableViewCell.swift in Sources */,
				9047FCA52BF1535A00D5E990 /* UIView+Extension.swift in Sources */,
				9047FCBC2BF1535A00D5E990 /* SeekerInteractor.swift in Sources */,
				9047FCA62BF1535A00D5E990 /* ImageView+extension.swift in Sources */,
				9047FCBB2BF1535A00D5E990 /* SeekerViewController.swift in Sources */,
				9047FCA42BF1535A00D5E990 /* Utils.swift in Sources */,
				9047FCA82BF1535A00D5E990 /* HomePresenter.swift in Sources */,
				9047FCBE2BF1535A00D5E990 /* ProductService.swift in Sources */,
			);
			runOnlyForDeploymentPostprocessing = 0;
		};
		905B2F852BEF24B000860C45 /* Sources */ = {
			isa = PBXSourcesBuildPhase;
			buildActionMask = 2147483647;
			files = (
				9047FCDA2BF1DC6200D5E990 /* ProductServicesMock.swift in Sources */,
				9047FCE62BF1DEFA00D5E990 /* ProductDetailPresenterTests.swift in Sources */,
				9047FCE42BF1DEA700D5E990 /* ProductDetailMockView.swift in Sources */,
				905B2F8E2BEF24B000860C45 /* MyStoreTests.swift in Sources */,
				9047FCD02BF1D8DD00D5E990 /* HomeMockInteractor.swift in Sources */,
				9047FCEE2BF1E00B00D5E990 /* SeekerMockView.swift in Sources */,
				9047FCE22BF1DE6000D5E990 /* ProductDetailMockRouter.swift in Sources */,
				9047FCDC2BF1DD1200D5E990 /* HomePresenterTests.swift in Sources */,
				9047FCCC2BF1D85900D5E990 /* ProductServicesTest.swift in Sources */,
				9047FCE02BF1DE1400D5E990 /* ProductDetailMockInteractor.swift in Sources */,
				9047FCD82BF1DBD600D5E990 /* HomeInteractorTests.swift in Sources */,
				9047FCD62BF1DB5700D5E990 /* HomeMockPresenter.swift in Sources */,
				9047FCEC2BF1DFD800D5E990 /* SeekerMockRouter.swift in Sources */,
				9047FCD22BF1DAD600D5E990 /* HomeMockView.swift in Sources */,
				9047FCC92BF1D6B300D5E990 /* SearchRepositoryMock.swift in Sources */,
				9047FCF02BF1E03F00D5E990 /* SeekerPresenterTests.swift in Sources */,
				9047FCD42BF1DB1300D5E990 /* HomeMockRouter.swift in Sources */,
				9047FCEA2BF1DF8E00D5E990 /* SeekerMockInteractor.swift in Sources */,
			);
			runOnlyForDeploymentPostprocessing = 0;
		};
		905B2F8F2BEF24B000860C45 /* Sources */ = {
			isa = PBXSourcesBuildPhase;
			buildActionMask = 2147483647;
			files = (
				905B2F9A2BEF24B000860C45 /* MyStoreUITestsLaunchTests.swift in Sources */,
				905B2F982BEF24B000860C45 /* MyStoreUITests.swift in Sources */,
			);
			runOnlyForDeploymentPostprocessing = 0;
		};
/* End PBXSourcesBuildPhase section */

/* Begin PBXTargetDependency section */
		905B2F8B2BEF24B000860C45 /* PBXTargetDependency */ = {
			isa = PBXTargetDependency;
			target = 905B2F722BEF24AD00860C45 /* MyStore */;
			targetProxy = 905B2F8A2BEF24B000860C45 /* PBXContainerItemProxy */;
		};
		905B2F952BEF24B000860C45 /* PBXTargetDependency */ = {
			isa = PBXTargetDependency;
			target = 905B2F722BEF24AD00860C45 /* MyStore */;
			targetProxy = 905B2F942BEF24B000860C45 /* PBXContainerItemProxy */;
		};
/* End PBXTargetDependency section */

/* Begin PBXVariantGroup section */
		905B2F7C2BEF24AD00860C45 /* Main.storyboard */ = {
			isa = PBXVariantGroup;
			children = (
				905B2F7D2BEF24AD00860C45 /* Base */,
			);
			name = Main.storyboard;
			sourceTree = "<group>";
		};
		905B2F812BEF24AF00860C45 /* LaunchScreen.storyboard */ = {
			isa = PBXVariantGroup;
			children = (
				905B2F822BEF24AF00860C45 /* Base */,
			);
			name = LaunchScreen.storyboard;
			sourceTree = "<group>";
		};
/* End PBXVariantGroup section */

/* Begin XCBuildConfiguration section */
		905B2F9B2BEF24B000860C45 /* Debug */ = {
			isa = XCBuildConfiguration;
			buildSettings = {
				ALWAYS_SEARCH_USER_PATHS = NO;
				CLANG_ANALYZER_NONNULL = YES;
				CLANG_ANALYZER_NUMBER_OBJECT_CONVERSION = YES_AGGRESSIVE;
				CLANG_CXX_LANGUAGE_STANDARD = "gnu++20";
				CLANG_ENABLE_MODULES = YES;
				CLANG_ENABLE_OBJC_ARC = YES;
				CLANG_ENABLE_OBJC_WEAK = YES;
				CLANG_WARN_BLOCK_CAPTURE_AUTORELEASING = YES;
				CLANG_WARN_BOOL_CONVERSION = YES;
				CLANG_WARN_COMMA = YES;
				CLANG_WARN_CONSTANT_CONVERSION = YES;
				CLANG_WARN_DEPRECATED_OBJC_IMPLEMENTATIONS = YES;
				CLANG_WARN_DIRECT_OBJC_ISA_USAGE = YES_ERROR;
				CLANG_WARN_DOCUMENTATION_COMMENTS = YES;
				CLANG_WARN_EMPTY_BODY = YES;
				CLANG_WARN_ENUM_CONVERSION = YES;
				CLANG_WARN_INFINITE_RECURSION = YES;
				CLANG_WARN_INT_CONVERSION = YES;
				CLANG_WARN_NON_LITERAL_NULL_CONVERSION = YES;
				CLANG_WARN_OBJC_IMPLICIT_RETAIN_SELF = YES;
				CLANG_WARN_OBJC_LITERAL_CONVERSION = YES;
				CLANG_WARN_OBJC_ROOT_CLASS = YES_ERROR;
				CLANG_WARN_QUOTED_INCLUDE_IN_FRAMEWORK_HEADER = YES;
				CLANG_WARN_RANGE_LOOP_ANALYSIS = YES;
				CLANG_WARN_STRICT_PROTOTYPES = YES;
				CLANG_WARN_SUSPICIOUS_MOVE = YES;
				CLANG_WARN_UNGUARDED_AVAILABILITY = YES_AGGRESSIVE;
				CLANG_WARN_UNREACHABLE_CODE = YES;
				CLANG_WARN__DUPLICATE_METHOD_MATCH = YES;
				COPY_PHASE_STRIP = NO;
				DEBUG_INFORMATION_FORMAT = dwarf;
				ENABLE_STRICT_OBJC_MSGSEND = YES;
				ENABLE_TESTABILITY = YES;
				GCC_C_LANGUAGE_STANDARD = gnu11;
				GCC_DYNAMIC_NO_PIC = NO;
				GCC_NO_COMMON_BLOCKS = YES;
				GCC_OPTIMIZATION_LEVEL = 0;
				GCC_PREPROCESSOR_DEFINITIONS = (
					"DEBUG=1",
					"$(inherited)",
				);
				GCC_WARN_64_TO_32_BIT_CONVERSION = YES;
				GCC_WARN_ABOUT_RETURN_TYPE = YES_ERROR;
				GCC_WARN_UNDECLARED_SELECTOR = YES;
				GCC_WARN_UNINITIALIZED_AUTOS = YES_AGGRESSIVE;
				GCC_WARN_UNUSED_FUNCTION = YES;
				GCC_WARN_UNUSED_VARIABLE = YES;
				IPHONEOS_DEPLOYMENT_TARGET = 16.4;
				MTL_ENABLE_DEBUG_INFO = INCLUDE_SOURCE;
				MTL_FAST_MATH = YES;
				ONLY_ACTIVE_ARCH = YES;
				SDKROOT = iphoneos;
				SWIFT_ACTIVE_COMPILATION_CONDITIONS = DEBUG;
				SWIFT_OPTIMIZATION_LEVEL = "-Onone";
			};
			name = Debug;
		};
		905B2F9C2BEF24B000860C45 /* Release */ = {
			isa = XCBuildConfiguration;
			buildSettings = {
				ALWAYS_SEARCH_USER_PATHS = NO;
				CLANG_ANALYZER_NONNULL = YES;
				CLANG_ANALYZER_NUMBER_OBJECT_CONVERSION = YES_AGGRESSIVE;
				CLANG_CXX_LANGUAGE_STANDARD = "gnu++20";
				CLANG_ENABLE_MODULES = YES;
				CLANG_ENABLE_OBJC_ARC = YES;
				CLANG_ENABLE_OBJC_WEAK = YES;
				CLANG_WARN_BLOCK_CAPTURE_AUTORELEASING = YES;
				CLANG_WARN_BOOL_CONVERSION = YES;
				CLANG_WARN_COMMA = YES;
				CLANG_WARN_CONSTANT_CONVERSION = YES;
				CLANG_WARN_DEPRECATED_OBJC_IMPLEMENTATIONS = YES;
				CLANG_WARN_DIRECT_OBJC_ISA_USAGE = YES_ERROR;
				CLANG_WARN_DOCUMENTATION_COMMENTS = YES;
				CLANG_WARN_EMPTY_BODY = YES;
				CLANG_WARN_ENUM_CONVERSION = YES;
				CLANG_WARN_INFINITE_RECURSION = YES;
				CLANG_WARN_INT_CONVERSION = YES;
				CLANG_WARN_NON_LITERAL_NULL_CONVERSION = YES;
				CLANG_WARN_OBJC_IMPLICIT_RETAIN_SELF = YES;
				CLANG_WARN_OBJC_LITERAL_CONVERSION = YES;
				CLANG_WARN_OBJC_ROOT_CLASS = YES_ERROR;
				CLANG_WARN_QUOTED_INCLUDE_IN_FRAMEWORK_HEADER = YES;
				CLANG_WARN_RANGE_LOOP_ANALYSIS = YES;
				CLANG_WARN_STRICT_PROTOTYPES = YES;
				CLANG_WARN_SUSPICIOUS_MOVE = YES;
				CLANG_WARN_UNGUARDED_AVAILABILITY = YES_AGGRESSIVE;
				CLANG_WARN_UNREACHABLE_CODE = YES;
				CLANG_WARN__DUPLICATE_METHOD_MATCH = YES;
				COPY_PHASE_STRIP = NO;
				DEBUG_INFORMATION_FORMAT = "dwarf-with-dsym";
				ENABLE_NS_ASSERTIONS = NO;
				ENABLE_STRICT_OBJC_MSGSEND = YES;
				GCC_C_LANGUAGE_STANDARD = gnu11;
				GCC_NO_COMMON_BLOCKS = YES;
				GCC_WARN_64_TO_32_BIT_CONVERSION = YES;
				GCC_WARN_ABOUT_RETURN_TYPE = YES_ERROR;
				GCC_WARN_UNDECLARED_SELECTOR = YES;
				GCC_WARN_UNINITIALIZED_AUTOS = YES_AGGRESSIVE;
				GCC_WARN_UNUSED_FUNCTION = YES;
				GCC_WARN_UNUSED_VARIABLE = YES;
				IPHONEOS_DEPLOYMENT_TARGET = 16.4;
				MTL_ENABLE_DEBUG_INFO = NO;
				MTL_FAST_MATH = YES;
				SDKROOT = iphoneos;
				SWIFT_COMPILATION_MODE = wholemodule;
				SWIFT_OPTIMIZATION_LEVEL = "-O";
				VALIDATE_PRODUCT = YES;
			};
			name = Release;
		};
		905B2F9E2BEF24B000860C45 /* Debug */ = {
			isa = XCBuildConfiguration;
			buildSettings = {
				ASSETCATALOG_COMPILER_APPICON_NAME = AppIcon;
				ASSETCATALOG_COMPILER_GLOBAL_ACCENT_COLOR_NAME = AccentColor;
				CODE_SIGN_STYLE = Automatic;
				CURRENT_PROJECT_VERSION = 1;
				DEVELOPMENT_TEAM = PXTD6TNRX2;
				GENERATE_INFOPLIST_FILE = YES;
				INFOPLIST_FILE = MyStore/Info.plist;
				INFOPLIST_KEY_UIApplicationSupportsIndirectInputEvents = YES;
				INFOPLIST_KEY_UILaunchStoryboardName = LaunchScreen;
				INFOPLIST_KEY_UIMainStoryboardFile = Main;
				INFOPLIST_KEY_UISupportedInterfaceOrientations_iPad = "UIInterfaceOrientationPortrait UIInterfaceOrientationPortraitUpsideDown UIInterfaceOrientationLandscapeLeft UIInterfaceOrientationLandscapeRight";
				INFOPLIST_KEY_UISupportedInterfaceOrientations_iPhone = "UIInterfaceOrientationPortrait UIInterfaceOrientationLandscapeLeft UIInterfaceOrientationLandscapeRight";
				LD_RUNPATH_SEARCH_PATHS = (
					"$(inherited)",
					"@executable_path/Frameworks",
				);
				MARKETING_VERSION = 1.0;
				PRODUCT_BUNDLE_IDENTIFIER = DevRabbit.MyStore;
				PRODUCT_NAME = "$(TARGET_NAME)";
				SWIFT_EMIT_LOC_STRINGS = YES;
				SWIFT_VERSION = 5.0;
				TARGETED_DEVICE_FAMILY = "1,2";
			};
			name = Debug;
		};
		905B2F9F2BEF24B000860C45 /* Release */ = {
			isa = XCBuildConfiguration;
			buildSettings = {
				ASSETCATALOG_COMPILER_APPICON_NAME = AppIcon;
				ASSETCATALOG_COMPILER_GLOBAL_ACCENT_COLOR_NAME = AccentColor;
				CODE_SIGN_STYLE = Automatic;
				CURRENT_PROJECT_VERSION = 1;
				DEVELOPMENT_TEAM = PXTD6TNRX2;
				GENERATE_INFOPLIST_FILE = YES;
				INFOPLIST_FILE = MyStore/Info.plist;
				INFOPLIST_KEY_UIApplicationSupportsIndirectInputEvents = YES;
				INFOPLIST_KEY_UILaunchStoryboardName = LaunchScreen;
				INFOPLIST_KEY_UIMainStoryboardFile = Main;
				INFOPLIST_KEY_UISupportedInterfaceOrientations_iPad = "UIInterfaceOrientationPortrait UIInterfaceOrientationPortraitUpsideDown UIInterfaceOrientationLandscapeLeft UIInterfaceOrientationLandscapeRight";
				INFOPLIST_KEY_UISupportedInterfaceOrientations_iPhone = "UIInterfaceOrientationPortrait UIInterfaceOrientationLandscapeLeft UIInterfaceOrientationLandscapeRight";
				LD_RUNPATH_SEARCH_PATHS = (
					"$(inherited)",
					"@executable_path/Frameworks",
				);
				MARKETING_VERSION = 1.0;
				PRODUCT_BUNDLE_IDENTIFIER = DevRabbit.MyStore;
				PRODUCT_NAME = "$(TARGET_NAME)";
				SWIFT_EMIT_LOC_STRINGS = YES;
				SWIFT_VERSION = 5.0;
				TARGETED_DEVICE_FAMILY = "1,2";
			};
			name = Release;
		};
		905B2FA12BEF24B000860C45 /* Debug */ = {
			isa = XCBuildConfiguration;
			buildSettings = {
				ALWAYS_EMBED_SWIFT_STANDARD_LIBRARIES = YES;
				BUNDLE_LOADER = "$(TEST_HOST)";
				CODE_SIGN_STYLE = Automatic;
				CURRENT_PROJECT_VERSION = 1;
				DEVELOPMENT_TEAM = PXTD6TNRX2;
				GENERATE_INFOPLIST_FILE = YES;
				IPHONEOS_DEPLOYMENT_TARGET = 16.4;
				MARKETING_VERSION = 1.0;
				PRODUCT_BUNDLE_IDENTIFIER = DevRabbit.MyStoreTests;
				PRODUCT_NAME = "$(TARGET_NAME)";
				SWIFT_EMIT_LOC_STRINGS = NO;
				SWIFT_VERSION = 5.0;
				TARGETED_DEVICE_FAMILY = "1,2";
				TEST_HOST = "$(BUILT_PRODUCTS_DIR)/MyStore.app/$(BUNDLE_EXECUTABLE_FOLDER_PATH)/MyStore";
			};
			name = Debug;
		};
		905B2FA22BEF24B000860C45 /* Release */ = {
			isa = XCBuildConfiguration;
			buildSettings = {
				ALWAYS_EMBED_SWIFT_STANDARD_LIBRARIES = YES;
				BUNDLE_LOADER = "$(TEST_HOST)";
				CODE_SIGN_STYLE = Automatic;
				CURRENT_PROJECT_VERSION = 1;
				DEVELOPMENT_TEAM = PXTD6TNRX2;
				GENERATE_INFOPLIST_FILE = YES;
				IPHONEOS_DEPLOYMENT_TARGET = 16.4;
				MARKETING_VERSION = 1.0;
				PRODUCT_BUNDLE_IDENTIFIER = DevRabbit.MyStoreTests;
				PRODUCT_NAME = "$(TARGET_NAME)";
				SWIFT_EMIT_LOC_STRINGS = NO;
				SWIFT_VERSION = 5.0;
				TARGETED_DEVICE_FAMILY = "1,2";
				TEST_HOST = "$(BUILT_PRODUCTS_DIR)/MyStore.app/$(BUNDLE_EXECUTABLE_FOLDER_PATH)/MyStore";
			};
			name = Release;
		};
		905B2FA42BEF24B000860C45 /* Debug */ = {
			isa = XCBuildConfiguration;
			buildSettings = {
				ALWAYS_EMBED_SWIFT_STANDARD_LIBRARIES = YES;
				CODE_SIGN_STYLE = Automatic;
				CURRENT_PROJECT_VERSION = 1;
				DEVELOPMENT_TEAM = PXTD6TNRX2;
				GENERATE_INFOPLIST_FILE = YES;
				MARKETING_VERSION = 1.0;
				PRODUCT_BUNDLE_IDENTIFIER = DevRabbit.MyStoreUITests;
				PRODUCT_NAME = "$(TARGET_NAME)";
				SWIFT_EMIT_LOC_STRINGS = NO;
				SWIFT_VERSION = 5.0;
				TARGETED_DEVICE_FAMILY = "1,2";
				TEST_TARGET_NAME = MyStore;
			};
			name = Debug;
		};
		905B2FA52BEF24B000860C45 /* Release */ = {
			isa = XCBuildConfiguration;
			buildSettings = {
				ALWAYS_EMBED_SWIFT_STANDARD_LIBRARIES = YES;
				CODE_SIGN_STYLE = Automatic;
				CURRENT_PROJECT_VERSION = 1;
				DEVELOPMENT_TEAM = PXTD6TNRX2;
				GENERATE_INFOPLIST_FILE = YES;
				MARKETING_VERSION = 1.0;
				PRODUCT_BUNDLE_IDENTIFIER = DevRabbit.MyStoreUITests;
				PRODUCT_NAME = "$(TARGET_NAME)";
				SWIFT_EMIT_LOC_STRINGS = NO;
				SWIFT_VERSION = 5.0;
				TARGETED_DEVICE_FAMILY = "1,2";
				TEST_TARGET_NAME = MyStore;
			};
			name = Release;
		};
/* End XCBuildConfiguration section */

/* Begin XCConfigurationList section */
		905B2F6E2BEF24AD00860C45 /* Build configuration list for PBXProject "MyStore" */ = {
			isa = XCConfigurationList;
			buildConfigurations = (
				905B2F9B2BEF24B000860C45 /* Debug */,
				905B2F9C2BEF24B000860C45 /* Release */,
			);
			defaultConfigurationIsVisible = 0;
			defaultConfigurationName = Release;
		};
		905B2F9D2BEF24B000860C45 /* Build configuration list for PBXNativeTarget "MyStore" */ = {
			isa = XCConfigurationList;
			buildConfigurations = (
				905B2F9E2BEF24B000860C45 /* Debug */,
				905B2F9F2BEF24B000860C45 /* Release */,
			);
			defaultConfigurationIsVisible = 0;
			defaultConfigurationName = Release;
		};
		905B2FA02BEF24B000860C45 /* Build configuration list for PBXNativeTarget "MyStoreTests" */ = {
			isa = XCConfigurationList;
			buildConfigurations = (
				905B2FA12BEF24B000860C45 /* Debug */,
				905B2FA22BEF24B000860C45 /* Release */,
			);
			defaultConfigurationIsVisible = 0;
			defaultConfigurationName = Release;
		};
		905B2FA32BEF24B000860C45 /* Build configuration list for PBXNativeTarget "MyStoreUITests" */ = {
			isa = XCConfigurationList;
			buildConfigurations = (
				905B2FA42BEF24B000860C45 /* Debug */,
				905B2FA52BEF24B000860C45 /* Release */,
			);
			defaultConfigurationIsVisible = 0;
			defaultConfigurationName = Release;
		};
/* End XCConfigurationList section */
	};
	rootObject = 905B2F6B2BEF24AD00860C45 /* Project object */;
}
